<Solution>
  <Folder Name="/Shared/">
    <Project Path="src\Shared\XFramework.Domain.Shared\XFramework.Domain.Shared.csproj" />
  </Folder>
  <Folder Name="/Kernel/">
    <Project Path="src\Kernel\XFramework.Core\XFramework.Core.csproj" />
    <Project Path="src\Kernel\XFramework.Domain\XFramework.Domain.csproj" />
  </Folder>
  <Folder Name="/Infrastructure/">
    <Project Path="src\Infrastructure\XFramework.Integration\XFramework.Integration.csproj" />
  </Folder>
  <Folder Name="/SourceGenerators/">
    <Project Path="src\SourceGenerators\XFramework.SourceGenerators\XFramework.SourceGenerators.csproj" />
  </Folder>
  <Folder Name="/Services/" />
  <Folder Name="/Services/Coins/">
    <Project Path="src\Modules\XFramework.Coins\Server\Coins.Api\Coins.Api.csproj" />
    <Project Path="src\Modules\XFramework.Coins\Server\Coins.Tests\Coins.Tests.csproj" />
  </Folder>
  <Folder Name="/Services/Community/">
    <Project Path="src\Modules\XFramework.Community\Community.Api\Community.Api.csproj" />
    <Project Path="src\Modules\XFramework.Community\Community.Domain.Shared\Community.Domain.Shared.csproj" />
    <Project Path="src\Modules\XFramework.Community\Community.Integration\Community.Integration.csproj" />
  </Folder>
  <Folder Name="/Services/IdentityServer/">
    <Project Path="src\Modules\XFramework.IdentityServer\IdentityServer.Api\IdentityServer.Api.csproj" />
    <Project Path="src\Modules\XFramework.IdentityServer\IdentityServer.Domain.Shared\IdentityServer.Domain.Shared.csproj" />
    <Project Path="src\Modules\XFramework.IdentityServer\IdentityServer.Integration\IdentityServer.Integration.csproj" />
  </Folder>
  <Folder Name="/Services/Inventario/">
    <Project Path="src\Modules\XFramework.Inventario\Inventario.Api\Inventario.Api.csproj" />
    <Project Path="src\Modules\XFramework.Inventario\Inventario.Domain.Shared\Inventario.Domain.Shared.csproj" />
    <Project Path="src\Modules\XFramework.Inventario\Inventario.Integration\Inventario.Integration.csproj" />
  </Folder>
  <Folder Name="/Services/POS/">
    <Project Path="src\Modules\XFramework.POS\POS.Api\POS.Api.csproj" />
    <Project Path="src\Modules\XFramework.POS\POS.Domain.Shared\POS.Domain.Shared.csproj" />
    <Project Path="src\Modules\XFramework.POS\POS.Integration\POS.Integration.csproj" />
  </Folder>
  <Folder Name="/Services/Communications/">
    <Project Path="src\Modules\XFramework.Communications\Communications.Api\Communications.Api.csproj" />
    <Project Path="src\Modules\XFramework.Communications\Communications.Domain.Shared\Communications.Domain.Shared.csproj" />
    <Project Path="src\Modules\XFramework.Communications\Communications.Integration\Communications.Integration.csproj" />
    <Project Path="src\Modules\XFramework.Communications\Communications.Tests\Communications.Tests.csproj" />
  </Folder>
  <Folder Name="/Services/Notifications/">
    <Project Path="src\Modules\XFramework.Notifications\Notifications.Api\Notifications.Api.csproj" />
    <Project Path="src\Modules\XFramework.Notifications\Notifications.Domain.Shared\Notifications.Domain.Shared.csproj" />
    <Project Path="src\Modules\XFramework.Notifications\Notifications.Integration\Notifications.Integration.csproj" />
    <Project Path="src\Modules\XFramework.Notifications\Notifications.Tests\Notifications.Tests.csproj" />
  </Folder>
  <Folder Name="/Services/Storage/">
    <Project Path="src\Modules\XFramework.Storage\Storage.Api\Storage.Api.csproj" />
    <Project Path="src\Modules\XFramework.Storage\Storage.Domain.Shared\Storage.Domain.Shared.csproj" />
    <Project Path="src\Modules\XFramework.Storage\Storage.Integration\Storage.Integration.csproj" />
  </Folder>
  <Folder Name="/Services/Attendance/">
    <Project Path="src\Modules\XFramework.Attendance\Attendance.Api\Attendance.Api.csproj" />
    <Project Path="src\Modules\XFramework.Attendance\Attendance.Domain.Shared\Attendance.Domain.Shared.csproj" />
    <Project Path="src\Modules\XFramework.Attendance\Attendance.Integration\Attendance.Integration.csproj" />
    <Project Path="src\Modules\XFramework.Attendance\Attendance.Tests\Attendance.Tests.csproj" />
  </Folder>
  <Folder Name="/Services/Payments/">
    <Project Path="src\Modules\XFramework.Payments\Payments.Core\Payments.Core.csproj" />
    <Project Path="src\Modules\XFramework.Payments\Payments.Domain.Shared\Payments.Domain.Shared.csproj" />
  </Folder>
  <Folder Name="/Services/SmsGateway/">
    <Project Path="src\Modules\XFramework.SmsGateway\SmsGateway.Api\SmsGateway.Api.csproj" />
    <Project Path="src\Modules\XFramework.SmsGateway\SmsGateway.Domain.Shared\SmsGateway.Domain.Shared.csproj" />
    <Project Path="src\Modules\XFramework.SmsGateway\SmsGateway.Integration\SmsGateway.Integration.csproj" />
  </Folder>
  <Folder Name="/Services/Bolt/">
    <Project Path="src\Modules\XFramework.Bolt\Bolt.Domain.Shared\Bolt.Domain.Shared.csproj" />
    <Project Path="src\Modules\XFramework.Bolt\Bolt.Hub\Bolt.Hub.csproj" />
  </Folder>
  <Folder Name="/Services/Wallets/">
    <Project Path="src\Modules\XFramework.Wallets\Wallets.Api\Wallets.Api.csproj" />
    <Project Path="src\Modules\XFramework.Wallets\Wallets.Domain.Shared\Wallets.Domain.Shared.csproj" />
    <Project Path="src\Modules\XFramework.Wallets\Wallets.Integration\Wallets.Integration.csproj" />
  </Folder>
  <Folder Name="/Presentation/">
    <Project Path="src\Modules\XFramework.Blazor\XFramework.Blazor.csproj" />
    <Project Path="src\Presentation\XFramework.Portal\XFramework.Portal.csproj" />
    <Project Path="src\Presentation\Fluid\Fluid.csproj" />
    <Project Path="src\Presentation\Gateway\Gateway.csproj" />
    <Project Path="src\Presentation\XFramework.Operations.Dashboard\XFramework.Operations.Dashboard.csproj" />
  </Folder>
  <Folder Name="/Libraries/Bolt/">
    <Project Path="src\Libraries\Bolt\Bolt.Protocol\Bolt.Protocol.csproj" />
    <Project Path="src\Libraries\Bolt\Bolt.Server\Bolt.Server.csproj" />
    <Project Path="src\Libraries\Bolt\Bolt.Client\Bolt.Client.csproj" />
    <Project Path="src\Libraries\Bolt\Bolt.Media\Bolt.Media.csproj" />
    <Project Path="src\Libraries\Bolt\Bolt.Media.Browser\Bolt.Media.Browser.csproj" />
    <Project Path="src\Tests\Bolt.Tests\Bolt.Tests.csproj" />
  </Folder>
  <Folder Name="/Tests/">
    <Project Path="src\Tests\Attendance.IntegrationTests\Attendance.IntegrationTests.csproj" />
    <Project Path="src\Tests\Portal.E2ETests\Portal.E2ETests.csproj" />
    <Project Path="src\Tests\Inventario.Api.Tests\Inventario.Api.Tests.csproj" />
    <Project Path="src\Tests\Inventario.IntegrationTests\Inventario.IntegrationTests.csproj" />
    <Project Path="src\Tests\POS.Api.Tests\POS.Api.Tests.csproj" />
    <Project Path="src\Tests\POS.IntegrationTests\POS.IntegrationTests.csproj" />
    <Project Path="src\Tests\OperationsDashboard.Tests\OperationsDashboard.Tests.csproj" />
    <Project Path="src\Tests\Storage.IntegrationTests\Storage.IntegrationTests.csproj" />
    <Project Path="src\Tests\XFramework.Core.Tests\XFramework.Core.Tests.csproj" />
    <Project Path="src\Tests\XFramework.SourceGenerators.Tests\XFramework.SourceGenerators.Tests.csproj" />
    <Project Path="src\Tests\XFramework.TestInfrastructure\XFramework.TestInfrastructure.csproj" />
    <Project Path="src\Tests\IdentityServer.IntegrationTests\IdentityServer.IntegrationTests.csproj" />
    <Project Path="src\Tests\IdentityServer.Benchmarks\IdentityServer.Benchmarks.csproj" />
    <Project Path="src\Tests\Wallets.IntegrationTests\Wallets.IntegrationTests.csproj" />
    <Project Path="src\Tests\SerializerPerfTest\SerializerPerfTest.csproj" />
  </Folder>
  <Folder Name="/Tools/">
    <Project Path="src\Tools\XFramework.MigrationRunner\XFramework.MigrationRunner.csproj" />
  </Folder>
</Solution>
