
Microsoft Visual Studio Solution File, Format Version 12.00
# Visual Studio Version 16
VisualStudioVersion = 16.0.29324.140
MinimumVisualStudioVersion = 10.0.40219.1
Project("{9A19103F-16F7-4668-BE54-9A1E7A4F7556}") = "XFramework.Api", "XFramework\Server\XFramework.Api\XFramework.Api.csproj", "{6A07CFB4-B657-45A6-B15F-A27C95055325}"
EndProject
Project("{9A19103F-16F7-4668-BE54-9A1E7A4F7556}") = "XFramework.Data", "XFramework\Server\XFramework.Entity\XFramework.Data.csproj", "{C3E583D6-CC09-46E5-B9B0-D342749EC505}"
EndProject
Project("{9A19103F-16F7-4668-BE54-9A1E7A4F7556}") = "XFramework.External", "XFramework\Server\XFramework.ExternalUtilities\XFramework.External.csproj", "{B0BEECD5-D6CF-4BA9-B742-A6E16D01635C}"
EndProject
Project("{9A19103F-16F7-4668-BE54-9A1E7A4F7556}") = "XFramework.Integrity", "XFramework\Server\XFramework.IntegrityService\XFramework.Integrity.csproj", "{B40B95D2-4B36-4CE8-83B7-A0910B0B9984}"
EndProject
Project("{9A19103F-16F7-4668-BE54-9A1E7A4F7556}") = "XFramework.Core", "XFramework\Server\XFramework.AppService\XFramework.Core.csproj", "{89E1C066-3E3F-4CEF-9546-5E747CA68843}"
EndProject
Global
	GlobalSection(SolutionConfigurationPlatforms) = preSolution
		Debug|Any CPU = Debug|Any CPU
		Release|Any CPU = Release|Any CPU
	EndGlobalSection
	GlobalSection(ProjectConfigurationPlatforms) = postSolution
		{6A07CFB4-B657-45A6-B15F-A27C95055325}.Debug|Any CPU.ActiveCfg = Debug|Any CPU
		{6A07CFB4-B657-45A6-B15F-A27C95055325}.Debug|Any CPU.Build.0 = Debug|Any CPU
		{6A07CFB4-B657-45A6-B15F-A27C95055325}.Release|Any CPU.ActiveCfg = Release|Any CPU
		{6A07CFB4-B657-45A6-B15F-A27C95055325}.Release|Any CPU.Build.0 = Release|Any CPU
		{C3E583D6-CC09-46E5-B9B0-D342749EC505}.Debug|Any CPU.ActiveCfg = Debug|Any CPU
		{C3E583D6-CC09-46E5-B9B0-D342749EC505}.Debug|Any CPU.Build.0 = Debug|Any CPU
		{C3E583D6-CC09-46E5-B9B0-D342749EC505}.Release|Any CPU.ActiveCfg = Release|Any CPU
		{C3E583D6-CC09-46E5-B9B0-D342749EC505}.Release|Any CPU.Build.0 = Release|Any CPU
		{B0BEECD5-D6CF-4BA9-B742-A6E16D01635C}.Debug|Any CPU.ActiveCfg = Debug|Any CPU
		{B0BEECD5-D6CF-4BA9-B742-A6E16D01635C}.Debug|Any CPU.Build.0 = Debug|Any CPU
		{B0BEECD5-D6CF-4BA9-B742-A6E16D01635C}.Release|Any CPU.ActiveCfg = Release|Any CPU
		{B0BEECD5-D6CF-4BA9-B742-A6E16D01635C}.Release|Any CPU.Build.0 = Release|Any CPU
		{B40B95D2-4B36-4CE8-83B7-A0910B0B9984}.Debug|Any CPU.ActiveCfg = Debug|Any CPU
		{B40B95D2-4B36-4CE8-83B7-A0910B0B9984}.Debug|Any CPU.Build.0 = Debug|Any CPU
		{B40B95D2-4B36-4CE8-83B7-A0910B0B9984}.Release|Any CPU.ActiveCfg = Release|Any CPU
		{B40B95D2-4B36-4CE8-83B7-A0910B0B9984}.Release|Any CPU.Build.0 = Release|Any CPU
		{89E1C066-3E3F-4CEF-9546-5E747CA68843}.Debug|Any CPU.ActiveCfg = Debug|Any CPU
		{89E1C066-3E3F-4CEF-9546-5E747CA68843}.Debug|Any CPU.Build.0 = Debug|Any CPU
		{89E1C066-3E3F-4CEF-9546-5E747CA68843}.Release|Any CPU.ActiveCfg = Release|Any CPU
		{89E1C066-3E3F-4CEF-9546-5E747CA68843}.Release|Any CPU.Build.0 = Release|Any CPU
	EndGlobalSection
	GlobalSection(SolutionProperties) = preSolution
		HideSolutionNode = FALSE
	EndGlobalSection
	GlobalSection(ExtensibilityGlobals) = postSolution
		SolutionGuid = {B29B05DE-EB3F-46E3-9A2B-739356AD93A7}
	EndGlobalSection
EndGlobal
