
Microsoft Visual Studio Solution File, Format Version 12.00
# Visual Studio Version 16
VisualStudioVersion = 16.0.30011.22
MinimumVisualStudioVersion = 10.0.40219.1
Project("{FAE04EC0-301F-11D3-BF4B-00C04F79EFBC}") = "XFramework.Web", "XFramework\Client\XFramework.Web\XFramework.Web.csproj", "{693D0189-D94E-465F-9285-2E010FA7489F}"
EndProject
Global
	GlobalSection(SolutionConfigurationPlatforms) = preSolution
		Debug|Any CPU = Debug|Any CPU
		Release|Any CPU = Release|Any CPU
	EndGlobalSection
	GlobalSection(ProjectConfigurationPlatforms) = postSolution
		{693D0189-D94E-465F-9285-2E010FA7489F}.Debug|Any CPU.ActiveCfg = Debug|Any CPU
		{693D0189-D94E-465F-9285-2E010FA7489F}.Debug|Any CPU.Build.0 = Debug|Any CPU
		{693D0189-D94E-465F-9285-2E010FA7489F}.Release|Any CPU.ActiveCfg = Release|Any CPU
		{693D0189-D94E-465F-9285-2E010FA7489F}.Release|Any CPU.Build.0 = Release|Any CPU
	EndGlobalSection
	GlobalSection(SolutionProperties) = preSolution
		HideSolutionNode = FALSE
	EndGlobalSection
	GlobalSection(ExtensibilityGlobals) = postSolution
		SolutionGuid = {871ABBE8-9710-40E3-8A3A-DE5A9D7D040B}
	EndGlobalSection
EndGlobal
