<Solution>
  <Folder Name="/Shared/">
    <Project Path="src\Shared\XFramework.Domain.Shared\XFramework.Domain.Shared.csproj" />
  </Folder>
  <Folder Name="/Kernel/">
    <Project Path="src\Kernel\XFramework.Core\XFramework.Core.csproj" />
    <Project Path="src\Kernel\XFramework.Domain\XFramework.Domain.csproj" />
  </Folder>
  <Folder Name="/Infrastructure/">
    <Project Path="src\Infrastructure\XFramework.Integration\XFramework.Integration.csproj" />
  </Folder>
  <Folder Name="/SourceGenerators/">
    <Project Path="src\SourceGenerators\XFramework.SourceGenerators\XFramework.SourceGenerators.csproj" />
  </Folder>
  <Folder Name="/Services/" />
  <Folder Name="/Services/Coins/">
    <Project Path="src\Modules\XFramework.Coins\Server\Coins.Api\Coins.Api.csproj" />
    <Project Path="src\Modules\XFramework.Coins\Server\Coins.Tests\Coins.Tests.csproj" />
  </Folder>
  <Folder Name="/Services/Community/">
    <Project Path="src\Modules\XFramework.Community\Community.Api\Community.Api.csproj" />
    <Project Path="src\Modules\XFramework.Community\Community.Domain.Shared\Community.Domain.Shared.csproj" />
  </Folder>
  <Folder Name="/Services/IdentityServer/">
    <Project Path="src\Modules\XFramework.IdentityServer\IdentityServer.Api\IdentityServer.Api.csproj" />
    <Project Path="src\Modules\XFramework.IdentityServer\IdentityServer.Domain.Shared\IdentityServer.Domain.Shared.csproj" />
    <Project Path="src\Modules\XFramework.IdentityServer\IdentityServer.Integration\IdentityServer.Integration.csproj" />
  </Folder>
  <Folder Name="/Services/Inventario/">
    <Project Path="src\Modules\XFramework.Inventario\Inventario.Api\Inventario.Api.csproj" />
    <Project Path="src\Modules\XFramework.Inventario\Inventario.Domain.Shared\Inventario.Domain.Shared.csproj" />
  </Folder>
  <Folder Name="/Services/Messaging/">
    <Project Path="src\Modules\XFramework.Messaging\Messaging.Api\Messaging.Api.csproj" />
    <Project Path="src\Modules\XFramework.Messaging\Messaging.Domain.Shared\Messaging.Domain.Shared.csproj" />
    <Project Path="src\Modules\XFramework.Messaging\Messaging.Integration\Messaging.Integration.csproj" />
  </Folder>
  <Folder Name="/Services/Payments/">
    <Project Path="src\Modules\XFramework.Payments\Payments.Core\Payments.Core.csproj" />
    <Project Path="src\Modules\XFramework.Payments\Payments.Domain.Shared\Payments.Domain.Shared.csproj" />
  </Folder>
  <Folder Name="/Services/SmsGateway/">
    <Project Path="src\Modules\XFramework.SmsGateway\SmsGateway.Api\SmsGateway.Api.csproj" />
    <Project Path="src\Modules\XFramework.SmsGateway\SmsGateway.Domain.Shared\SmsGateway.Domain.Shared.csproj" />
    <Project Path="src\Modules\XFramework.SmsGateway\SmsGateway.Integration\SmsGateway.Integration.csproj" />
  </Folder>
  <Folder Name="/Services/Bolt/">
    <Project Path="src\Modules\XFramework.Bolt\Bolt.Domain.Shared\Bolt.Domain.Shared.csproj" />
    <Project Path="src\Modules\XFramework.Bolt\Bolt.Hub\Bolt.Hub.csproj" />
  </Folder>
  <Folder Name="/Services/Wallets/">
    <Project Path="src\Modules\XFramework.Wallets\Wallets.Api\Wallets.Api.csproj" />
    <Project Path="src\Modules\XFramework.Wallets\Wallets.Domain.Shared\Wallets.Domain.Shared.csproj" />
    <Project Path="src\Modules\XFramework.Wallets\Wallets.Integration\Wallets.Integration.csproj" />
  </Folder>
  <Folder Name="/Presentation/">
    <Project Path="src\Modules\XFramework.Blazor\XFramework.Blazor.csproj" />
    <Project Path="src\Presentation\ControlPanel.Server\ControlPanel.Server.csproj" />
    <Project Path="src\Presentation\Fluid\Fluid.csproj" />
    <Project Path="src\Presentation\Gateway\Gateway.csproj" />
  </Folder>
  <Folder Name="/Libraries/Bolt/">
    <Project Path="src\Libraries\Bolt\Bolt.Protocol\Bolt.Protocol.csproj" />
    <Project Path="src\Libraries\Bolt\Bolt.Server\Bolt.Server.csproj" />
    <Project Path="src\Libraries\Bolt\Bolt.Client\Bolt.Client.csproj" />
    <Project Path="src\Libraries\Bolt\Bolt.Media\Bolt.Media.csproj" />
    <Project Path="src\Libraries\Bolt\Bolt.Media.Browser\Bolt.Media.Browser.csproj" />
    <Project Path="src\Tests\Bolt.Tests\Bolt.Tests.csproj" />
  </Folder>
  <Folder Name="/Tests/">
    <Project Path="src\Tests\ControlPanel.E2ETests\ControlPanel.E2ETests.csproj" />
    <Project Path="src\Tests\Inventario.Api.Tests\Inventario.Api.Tests.csproj" />
    <Project Path="src\Tests\XFramework.Core.Tests\XFramework.Core.Tests.csproj" />
    <Project Path="src\Tests\XFramework.SourceGenerators.Tests\XFramework.SourceGenerators.Tests.csproj" />
    <Project Path="src\Tests\XFramework.TestInfrastructure\XFramework.TestInfrastructure.csproj" />
    <Project Path="src\Tests\IdentityServer.IntegrationTests\IdentityServer.IntegrationTests.csproj" />
    <Project Path="src\Tests\IdentityServer.Benchmarks\IdentityServer.Benchmarks.csproj" />
    <Project Path="src\Tests\Wallets.IntegrationTests\Wallets.IntegrationTests.csproj" />
    <Project Path="src\Tests\SerializerPerfTest\SerializerPerfTest.csproj" />
  </Folder>
  <Folder Name="/Tools/">
    <Project Path="src\Tools\XFramework.MigrationRunner\XFramework.MigrationRunner.csproj" />
  </Folder>
</Solution>
