
Microsoft Visual Studio Solution File, Format Version 12.00
# Visual Studio Version 16
VisualStudioVersion = 16.0.29324.140
MinimumVisualStudioVersion = 10.0.40219.1
Project("{2150E333-8FDC-42A3-9474-1A3956D46DE8}") = "Modules", "Modules", "{27F10D16-2FDC-4A13-962F-EB164A6B1A59}"
EndProject
Project("{2150E333-8FDC-42A3-9474-1A3956D46DE8}") = "Kernel", "Kernel", "{3498BC7E-C462-4E5E-B0B1-3F7D3216820C}"
EndProject
Project("{2150E333-8FDC-42A3-9474-1A3956D46DE8}") = "Shared", "Shared", "{22C195C6-DB0F-411C-B8F9-7AF22F732694}"
EndProject
Project("{2150E333-8FDC-42A3-9474-1A3956D46DE8}") = "Infrastructure", "Infrastructure", "{C0D47C2F-FF2E-4B5B-AA19-BD90ABDD03D3}"
EndProject
Project("{FAE04EC0-301F-11D3-BF4B-00C04F79EFBC}") = "XFramework.Core", "src\Kernel\XFramework.Core\XFramework.Core.csproj", "{D21325E6-EC0B-42C4-ADC5-1D333D2B7BE9}"
EndProject
Project("{FAE04EC0-301F-11D3-BF4B-00C04F79EFBC}") = "XFramework.Domain", "src\Kernel\XFramework.Domain\XFramework.Domain.csproj", "{7F14AB70-8786-42B8-BAA6-313B3CFBB71B}"
EndProject
Project("{FAE04EC0-301F-11D3-BF4B-00C04F79EFBC}") = "XFramework.SourceGenerators", "src\Kernel\XFramework.SourceGenerators\XFramework.SourceGenerators.csproj", "{25E87DC6-1792-442A-987D-27C58D67CC05}"
EndProject
Project("{FAE04EC0-301F-11D3-BF4B-00C04F79EFBC}") = "XFramework.Integration", "src\Infrastructure\XFramework.Integration\XFramework.Integration.csproj", "{B2750960-CB33-4649-A29D-31885CF619F5}"
EndProject
Project("{FAE04EC0-301F-11D3-BF4B-00C04F79EFBC}") = "XFramework.Domain.Shared", "src\Shared\XFramework.Domain.Shared\XFramework.Domain.Shared.csproj", "{364C6280-2F92-40A4-A7EC-D4D9A5BEBE9B}"
EndProject
Project("{2150E333-8FDC-42A3-9474-1A3956D46DE8}") = "IdentityServer", "IdentityServer", "{D0D1E0B7-E8BF-48F5-9B53-3C1AD5ED7077}"
EndProject
Project("{FAE04EC0-301F-11D3-BF4B-00C04F79EFBC}") = "IdentityServer.Domain.Shared", "src\Modules\XFramework.IdentityServer\IdentityServer.Domain.Shared\IdentityServer.Domain.Shared.csproj", "{9E3F9812-2CF3-4251-8926-55D897218D82}"
EndProject
Project("{FAE04EC0-301F-11D3-BF4B-00C04F79EFBC}") = "IdentityServer.Integration", "src\Modules\XFramework.IdentityServer\IdentityServer.Integration\IdentityServer.Integration.csproj", "{49660977-B190-4E31-B5BD-2AE72B846A53}"
EndProject
Project("{2150E333-8FDC-42A3-9474-1A3956D46DE8}") = "StreamFlow", "StreamFlow", "{FDB26579-B3AD-41A5-BE79-0529890CD9A7}"
EndProject
Project("{FAE04EC0-301F-11D3-BF4B-00C04F79EFBC}") = "StreamFlow.Domain.Shared", "src\Modules\XFramework.StreamFlow\StreamFlow.Domain.Shared\StreamFlow.Domain.Shared.csproj", "{AF10F9E3-473F-484F-8FB6-C86138CEE9E5}"
EndProject
Project("{2150E333-8FDC-42A3-9474-1A3956D46DE8}") = "PaymentGateway", "PaymentGateway", "{CC46483A-E8FE-4ACF-A479-D9A9D101FCFD}"
EndProject
Project("{FAE04EC0-301F-11D3-BF4B-00C04F79EFBC}") = "PaymentGateways.Domain.Shared", "src\Modules\XFramework.PaymentGateways\PaymentGateways.Domain.Shared\PaymentGateways.Domain.Shared.csproj", "{FF4532DB-20E4-4891-A16A-4A868D75A8D3}"
EndProject
Project("{FAE04EC0-301F-11D3-BF4B-00C04F79EFBC}") = "IdentityServer.Core", "src\Modules\XFramework.IdentityServer\IdentityServer.Core\IdentityServer.Core.csproj", "{84054FFE-24DF-43AC-8487-8A50120E9078}"
EndProject
Project("{2150E333-8FDC-42A3-9474-1A3956D46DE8}") = "Messaging", "Messaging", "{13B83BCD-BF5D-4AD2-9D87-743FB0E0E92D}"
EndProject
Project("{FAE04EC0-301F-11D3-BF4B-00C04F79EFBC}") = "IdentityServer.Domain", "src\Modules\XFramework.IdentityServer\IdentityServer.Domain\IdentityServer.Domain.csproj", "{7F770727-E42F-4A06-852D-3AF86BF5D5B5}"
EndProject
Project("{FAE04EC0-301F-11D3-BF4B-00C04F79EFBC}") = "Messaging.Integration", "src\Modules\XFramework.Messaging\Messaging.Integration\Messaging.Integration.csproj", "{E06F255E-5933-4447-8EBA-B1877532F0AF}"
EndProject
Project("{FAE04EC0-301F-11D3-BF4B-00C04F79EFBC}") = "Messaging.Domain.Shared", "src\Modules\XFramework.Messaging\Messaging.Domain.Shared\Messaging.Domain.Shared.csproj", "{1A446093-7497-4CF8-9ADC-47CBE0ECFAD1}"
EndProject
Project("{FAE04EC0-301F-11D3-BF4B-00C04F79EFBC}") = "IdentityServer.Api", "src\Modules\XFramework.IdentityServer\IdentityServer.Api\IdentityServer.Api.csproj", "{29447C38-8AF5-4965-8B0C-16CA7CA78AF0}"
EndProject
Project("{FAE04EC0-301F-11D3-BF4B-00C04F79EFBC}") = "Messaging.Core", "src\Modules\XFramework.Messaging\Messaging.Core\Messaging.Core.csproj", "{A2660E65-7DA6-4CA4-8BE4-DF9FA4D29B9C}"
EndProject
Project("{FAE04EC0-301F-11D3-BF4B-00C04F79EFBC}") = "Messaging.Api", "src\Modules\XFramework.Messaging\Messaging.Api\Messaging.Api.csproj", "{A5ED9934-FC74-4C16-B493-62EAD521C6CB}"
EndProject
Project("{FAE04EC0-301F-11D3-BF4B-00C04F79EFBC}") = "StreamFlow.Stream", "src\Modules\XFramework.StreamFlow\StreamFlow.Stream\StreamFlow.Stream.csproj", "{64522B79-DCE1-4571-9FC7-199FF9972442}"
EndProject
Project("{FAE04EC0-301F-11D3-BF4B-00C04F79EFBC}") = "StreamFlow.Domain", "src\Modules\XFramework.StreamFlow\StreamFlow.Domain\StreamFlow.Domain.csproj", "{8D33ED58-1B05-4579-8A74-8DDC66923EE0}"
EndProject
Project("{FAE04EC0-301F-11D3-BF4B-00C04F79EFBC}") = "StreamFlow.Core", "src\Modules\XFramework.StreamFlow\StreamFlow.Core\StreamFlow.Core.csproj", "{9913061D-35E3-4898-9979-E88A25E980BC}"
EndProject
Project("{2150E333-8FDC-42A3-9474-1A3956D46DE8}") = "Wallets", "Wallets", "{8C9ACEDB-1559-4AEE-A8C2-9C4426F0F52F}"
EndProject
Project("{FAE04EC0-301F-11D3-BF4B-00C04F79EFBC}") = "Wallets.Api", "src\Modules\XFramework.Wallets\Wallets.Api\Wallets.Api.csproj", "{36CC5B17-02B4-4AD6-A918-095CAEFFA96C}"
EndProject
Project("{FAE04EC0-301F-11D3-BF4B-00C04F79EFBC}") = "Wallets.Core", "src\Modules\XFramework.Wallets\Wallets.Core\Wallets.Core.csproj", "{9046DFE5-8092-41D0-A5C6-DEFFA5F615F4}"
EndProject
Project("{FAE04EC0-301F-11D3-BF4B-00C04F79EFBC}") = "Wallets.Domain", "src\Modules\XFramework.Wallets\Wallets.Domain\Wallets.Domain.csproj", "{9F3EF1C2-9C2B-43A5-A3A5-0FE1418F26A0}"
EndProject
Project("{FAE04EC0-301F-11D3-BF4B-00C04F79EFBC}") = "Wallets.Domain.Shared", "src\Modules\XFramework.Wallets\Wallets.Domain.Shared\Wallets.Domain.Shared.csproj", "{688E9A9C-216B-4745-A0C0-852994693300}"
EndProject
Project("{FAE04EC0-301F-11D3-BF4B-00C04F79EFBC}") = "Wallets.Integration", "src\Modules\XFramework.Wallets\Wallets.Integration\Wallets.Integration.csproj", "{1CE995CF-AABC-45D2-8D28-D79AEED24542}"
EndProject
Project("{2150E333-8FDC-42A3-9474-1A3956D46DE8}") = "SmsGateway", "SmsGateway", "{74F8809A-77D0-4279-873E-318ED7CD4D71}"
EndProject
Project("{FAE04EC0-301F-11D3-BF4B-00C04F79EFBC}") = "SmsGateway.Domain.Shared", "src\Modules\XFramework.SmsGateway\SmsGateway.Domain.Shared\SmsGateway.Domain.Shared.csproj", "{611AF611-A983-4F1E-BF3A-8B3D6D24713C}"
EndProject
Project("{FAE04EC0-301F-11D3-BF4B-00C04F79EFBC}") = "SmsGateway.Integration", "src\Modules\XFramework.SmsGateway\SmsGateway.Integration\SmsGateway.Integration.csproj", "{96293C45-2875-4166-BB74-DC6996ED0321}"
EndProject
Project("{FAE04EC0-301F-11D3-BF4B-00C04F79EFBC}") = "SmsGateway.Core", "src\Modules\XFramework.SmsGateway\SmsGateway.Core\SmsGateway.Core.csproj", "{52D6CF61-758A-4581-A131-8A64A57BB0B4}"
EndProject
Project("{FAE04EC0-301F-11D3-BF4B-00C04F79EFBC}") = "SmsGateway.Domain", "src\Modules\XFramework.SmsGateway\SmsGateway.Domain\SmsGateway.Domain.csproj", "{10954868-564D-448E-AB17-811B8DC5574C}"
EndProject
Project("{2150E333-8FDC-42A3-9474-1A3956D46DE8}") = "Gateways", "Gateways", "{41398AE5-FD00-46BA-AF0B-B9313794B8C0}"
EndProject
Project("{FAE04EC0-301F-11D3-BF4B-00C04F79EFBC}") = "XFramework.Gateway", "src\Gateways\XFramework.Gateway\XFramework.Gateway.csproj", "{718EC8CB-9CC4-43FC-A5C3-8D4E4D4DD0EE}"
EndProject
Project("{2150E333-8FDC-42A3-9474-1A3956D46DE8}") = "Blazor", "Blazor", "{AE5E9EEE-0624-45A4-A97A-C43A4501BD5A}"
EndProject
Project("{FAE04EC0-301F-11D3-BF4B-00C04F79EFBC}") = "XFramework.Blazor", "src\Modules\XFramework.Blazor\XFramework.Blazor.csproj", "{198FAC13-41FF-43F5-86E1-CD9C3A194415}"
EndProject
Project("{FAE04EC0-301F-11D3-BF4B-00C04F79EFBC}") = "SmsGateway.Api", "src\Modules\XFramework.SmsGateway\SmsGateway.Api\SmsGateway.Api.csproj", "{701AEA97-7414-481C-9458-B20C8235CAE8}"
EndProject
Project("{2150E333-8FDC-42A3-9474-1A3956D46DE8}") = "Community", "Community", "{450DDF86-A628-461A-9637-424DD841BE6C}"
EndProject
Project("{FAE04EC0-301F-11D3-BF4B-00C04F79EFBC}") = "Community.Domain.Shared", "src\Modules\XFramework.Community\Community.Domain.Shared\Community.Domain.Shared.csproj", "{783586C4-255F-4481-8B7D-08C1B1CDB297}"
EndProject
Project("{FAE04EC0-301F-11D3-BF4B-00C04F79EFBC}") = "Community.Domain", "src\Modules\XFramework.Community\Community.Domain\Community.Domain.csproj", "{F7973E47-BBB4-4653-AF56-89E8684A341E}"
EndProject
Project("{FAE04EC0-301F-11D3-BF4B-00C04F79EFBC}") = "Community.Core", "src\Modules\XFramework.Community\Community.Core\Community.Core.csproj", "{614175F2-9925-4D09-BDA1-10E97251842B}"
EndProject
Project("{FAE04EC0-301F-11D3-BF4B-00C04F79EFBC}") = "Community.Integration", "src\Modules\XFramework.Community\Community.Integration\Community.Integration.csproj", "{7C225E8E-7943-4F4F-8A1C-A60FB805315E}"
EndProject
Project("{FAE04EC0-301F-11D3-BF4B-00C04F79EFBC}") = "Community.Api", "src\Modules\XFramework.Community\Community.Api\Community.Api.csproj", "{6645E6E6-00A3-4E13-886F-DB92C15B5791}"
EndProject
Project("{FAE04EC0-301F-11D3-BF4B-00C04F79EFBC}") = "XFramework.Utilities", "src\Shared\XFramework.Utilities\XFramework.Utilities.csproj", "{CCBD06A5-5A9E-4559-9CBD-AB4EBE431BC8}"
EndProject
Global
	GlobalSection(SolutionConfigurationPlatforms) = preSolution
		Debug|Any CPU = Debug|Any CPU
		Release|Any CPU = Release|Any CPU
	EndGlobalSection
	GlobalSection(ProjectConfigurationPlatforms) = postSolution
		{D21325E6-EC0B-42C4-ADC5-1D333D2B7BE9}.Debug|Any CPU.ActiveCfg = Debug|Any CPU
		{D21325E6-EC0B-42C4-ADC5-1D333D2B7BE9}.Debug|Any CPU.Build.0 = Debug|Any CPU
		{D21325E6-EC0B-42C4-ADC5-1D333D2B7BE9}.Release|Any CPU.ActiveCfg = Release|Any CPU
		{D21325E6-EC0B-42C4-ADC5-1D333D2B7BE9}.Release|Any CPU.Build.0 = Release|Any CPU
		{7F14AB70-8786-42B8-BAA6-313B3CFBB71B}.Debug|Any CPU.ActiveCfg = Debug|Any CPU
		{7F14AB70-8786-42B8-BAA6-313B3CFBB71B}.Debug|Any CPU.Build.0 = Debug|Any CPU
		{7F14AB70-8786-42B8-BAA6-313B3CFBB71B}.Release|Any CPU.ActiveCfg = Release|Any CPU
		{7F14AB70-8786-42B8-BAA6-313B3CFBB71B}.Release|Any CPU.Build.0 = Release|Any CPU
		{25E87DC6-1792-442A-987D-27C58D67CC05}.Debug|Any CPU.ActiveCfg = Debug|Any CPU
		{25E87DC6-1792-442A-987D-27C58D67CC05}.Debug|Any CPU.Build.0 = Debug|Any CPU
		{25E87DC6-1792-442A-987D-27C58D67CC05}.Release|Any CPU.ActiveCfg = Release|Any CPU
		{25E87DC6-1792-442A-987D-27C58D67CC05}.Release|Any CPU.Build.0 = Release|Any CPU
		{B2750960-CB33-4649-A29D-31885CF619F5}.Debug|Any CPU.ActiveCfg = Debug|Any CPU
		{B2750960-CB33-4649-A29D-31885CF619F5}.Debug|Any CPU.Build.0 = Debug|Any CPU
		{B2750960-CB33-4649-A29D-31885CF619F5}.Release|Any CPU.ActiveCfg = Release|Any CPU
		{B2750960-CB33-4649-A29D-31885CF619F5}.Release|Any CPU.Build.0 = Release|Any CPU
		{364C6280-2F92-40A4-A7EC-D4D9A5BEBE9B}.Debug|Any CPU.ActiveCfg = Debug|Any CPU
		{364C6280-2F92-40A4-A7EC-D4D9A5BEBE9B}.Debug|Any CPU.Build.0 = Debug|Any CPU
		{364C6280-2F92-40A4-A7EC-D4D9A5BEBE9B}.Release|Any CPU.ActiveCfg = Release|Any CPU
		{364C6280-2F92-40A4-A7EC-D4D9A5BEBE9B}.Release|Any CPU.Build.0 = Release|Any CPU
		{C7F81269-223D-4525-8A4D-D0A165055B3F}.Debug|Any CPU.ActiveCfg = Debug|Any CPU
		{C7F81269-223D-4525-8A4D-D0A165055B3F}.Debug|Any CPU.Build.0 = Debug|Any CPU
		{C7F81269-223D-4525-8A4D-D0A165055B3F}.Release|Any CPU.ActiveCfg = Release|Any CPU
		{C7F81269-223D-4525-8A4D-D0A165055B3F}.Release|Any CPU.Build.0 = Release|Any CPU
		{9E3F9812-2CF3-4251-8926-55D897218D82}.Debug|Any CPU.ActiveCfg = Debug|Any CPU
		{9E3F9812-2CF3-4251-8926-55D897218D82}.Debug|Any CPU.Build.0 = Debug|Any CPU
		{9E3F9812-2CF3-4251-8926-55D897218D82}.Release|Any CPU.ActiveCfg = Release|Any CPU
		{9E3F9812-2CF3-4251-8926-55D897218D82}.Release|Any CPU.Build.0 = Release|Any CPU
		{49660977-B190-4E31-B5BD-2AE72B846A53}.Debug|Any CPU.ActiveCfg = Debug|Any CPU
		{49660977-B190-4E31-B5BD-2AE72B846A53}.Debug|Any CPU.Build.0 = Debug|Any CPU
		{49660977-B190-4E31-B5BD-2AE72B846A53}.Release|Any CPU.ActiveCfg = Release|Any CPU
		{49660977-B190-4E31-B5BD-2AE72B846A53}.Release|Any CPU.Build.0 = Release|Any CPU
		{AF10F9E3-473F-484F-8FB6-C86138CEE9E5}.Debug|Any CPU.ActiveCfg = Debug|Any CPU
		{AF10F9E3-473F-484F-8FB6-C86138CEE9E5}.Debug|Any CPU.Build.0 = Debug|Any CPU
		{AF10F9E3-473F-484F-8FB6-C86138CEE9E5}.Release|Any CPU.ActiveCfg = Release|Any CPU
		{AF10F9E3-473F-484F-8FB6-C86138CEE9E5}.Release|Any CPU.Build.0 = Release|Any CPU
		{FF4532DB-20E4-4891-A16A-4A868D75A8D3}.Debug|Any CPU.ActiveCfg = Debug|Any CPU
		{FF4532DB-20E4-4891-A16A-4A868D75A8D3}.Debug|Any CPU.Build.0 = Debug|Any CPU
		{FF4532DB-20E4-4891-A16A-4A868D75A8D3}.Release|Any CPU.ActiveCfg = Release|Any CPU
		{FF4532DB-20E4-4891-A16A-4A868D75A8D3}.Release|Any CPU.Build.0 = Release|Any CPU
		{84054FFE-24DF-43AC-8487-8A50120E9078}.Debug|Any CPU.ActiveCfg = Debug|Any CPU
		{84054FFE-24DF-43AC-8487-8A50120E9078}.Debug|Any CPU.Build.0 = Debug|Any CPU
		{84054FFE-24DF-43AC-8487-8A50120E9078}.Release|Any CPU.ActiveCfg = Release|Any CPU
		{84054FFE-24DF-43AC-8487-8A50120E9078}.Release|Any CPU.Build.0 = Release|Any CPU
		{7F770727-E42F-4A06-852D-3AF86BF5D5B5}.Debug|Any CPU.ActiveCfg = Debug|Any CPU
		{7F770727-E42F-4A06-852D-3AF86BF5D5B5}.Debug|Any CPU.Build.0 = Debug|Any CPU
		{7F770727-E42F-4A06-852D-3AF86BF5D5B5}.Release|Any CPU.ActiveCfg = Release|Any CPU
		{7F770727-E42F-4A06-852D-3AF86BF5D5B5}.Release|Any CPU.Build.0 = Release|Any CPU
		{E06F255E-5933-4447-8EBA-B1877532F0AF}.Debug|Any CPU.ActiveCfg = Debug|Any CPU
		{E06F255E-5933-4447-8EBA-B1877532F0AF}.Debug|Any CPU.Build.0 = Debug|Any CPU
		{E06F255E-5933-4447-8EBA-B1877532F0AF}.Release|Any CPU.ActiveCfg = Release|Any CPU
		{E06F255E-5933-4447-8EBA-B1877532F0AF}.Release|Any CPU.Build.0 = Release|Any CPU
		{1A446093-7497-4CF8-9ADC-47CBE0ECFAD1}.Debug|Any CPU.ActiveCfg = Debug|Any CPU
		{1A446093-7497-4CF8-9ADC-47CBE0ECFAD1}.Debug|Any CPU.Build.0 = Debug|Any CPU
		{1A446093-7497-4CF8-9ADC-47CBE0ECFAD1}.Release|Any CPU.ActiveCfg = Release|Any CPU
		{1A446093-7497-4CF8-9ADC-47CBE0ECFAD1}.Release|Any CPU.Build.0 = Release|Any CPU
		{29447C38-8AF5-4965-8B0C-16CA7CA78AF0}.Debug|Any CPU.ActiveCfg = Debug|Any CPU
		{29447C38-8AF5-4965-8B0C-16CA7CA78AF0}.Debug|Any CPU.Build.0 = Debug|Any CPU
		{29447C38-8AF5-4965-8B0C-16CA7CA78AF0}.Release|Any CPU.ActiveCfg = Release|Any CPU
		{29447C38-8AF5-4965-8B0C-16CA7CA78AF0}.Release|Any CPU.Build.0 = Release|Any CPU
		{A2660E65-7DA6-4CA4-8BE4-DF9FA4D29B9C}.Debug|Any CPU.ActiveCfg = Debug|Any CPU
		{A2660E65-7DA6-4CA4-8BE4-DF9FA4D29B9C}.Debug|Any CPU.Build.0 = Debug|Any CPU
		{A2660E65-7DA6-4CA4-8BE4-DF9FA4D29B9C}.Release|Any CPU.ActiveCfg = Release|Any CPU
		{A2660E65-7DA6-4CA4-8BE4-DF9FA4D29B9C}.Release|Any CPU.Build.0 = Release|Any CPU
		{A5ED9934-FC74-4C16-B493-62EAD521C6CB}.Debug|Any CPU.ActiveCfg = Debug|Any CPU
		{A5ED9934-FC74-4C16-B493-62EAD521C6CB}.Debug|Any CPU.Build.0 = Debug|Any CPU
		{A5ED9934-FC74-4C16-B493-62EAD521C6CB}.Release|Any CPU.ActiveCfg = Release|Any CPU
		{A5ED9934-FC74-4C16-B493-62EAD521C6CB}.Release|Any CPU.Build.0 = Release|Any CPU
		{64522B79-DCE1-4571-9FC7-199FF9972442}.Debug|Any CPU.ActiveCfg = Debug|Any CPU
		{64522B79-DCE1-4571-9FC7-199FF9972442}.Debug|Any CPU.Build.0 = Debug|Any CPU
		{64522B79-DCE1-4571-9FC7-199FF9972442}.Release|Any CPU.ActiveCfg = Release|Any CPU
		{64522B79-DCE1-4571-9FC7-199FF9972442}.Release|Any CPU.Build.0 = Release|Any CPU
		{8D33ED58-1B05-4579-8A74-8DDC66923EE0}.Debug|Any CPU.ActiveCfg = Debug|Any CPU
		{8D33ED58-1B05-4579-8A74-8DDC66923EE0}.Debug|Any CPU.Build.0 = Debug|Any CPU
		{8D33ED58-1B05-4579-8A74-8DDC66923EE0}.Release|Any CPU.ActiveCfg = Release|Any CPU
		{8D33ED58-1B05-4579-8A74-8DDC66923EE0}.Release|Any CPU.Build.0 = Release|Any CPU
		{9913061D-35E3-4898-9979-E88A25E980BC}.Debug|Any CPU.ActiveCfg = Debug|Any CPU
		{9913061D-35E3-4898-9979-E88A25E980BC}.Debug|Any CPU.Build.0 = Debug|Any CPU
		{9913061D-35E3-4898-9979-E88A25E980BC}.Release|Any CPU.ActiveCfg = Release|Any CPU
		{9913061D-35E3-4898-9979-E88A25E980BC}.Release|Any CPU.Build.0 = Release|Any CPU
		{36CC5B17-02B4-4AD6-A918-095CAEFFA96C}.Debug|Any CPU.ActiveCfg = Debug|Any CPU
		{36CC5B17-02B4-4AD6-A918-095CAEFFA96C}.Debug|Any CPU.Build.0 = Debug|Any CPU
		{36CC5B17-02B4-4AD6-A918-095CAEFFA96C}.Release|Any CPU.ActiveCfg = Release|Any CPU
		{36CC5B17-02B4-4AD6-A918-095CAEFFA96C}.Release|Any CPU.Build.0 = Release|Any CPU
		{9046DFE5-8092-41D0-A5C6-DEFFA5F615F4}.Debug|Any CPU.ActiveCfg = Debug|Any CPU
		{9046DFE5-8092-41D0-A5C6-DEFFA5F615F4}.Debug|Any CPU.Build.0 = Debug|Any CPU
		{9046DFE5-8092-41D0-A5C6-DEFFA5F615F4}.Release|Any CPU.ActiveCfg = Release|Any CPU
		{9046DFE5-8092-41D0-A5C6-DEFFA5F615F4}.Release|Any CPU.Build.0 = Release|Any CPU
		{9F3EF1C2-9C2B-43A5-A3A5-0FE1418F26A0}.Debug|Any CPU.ActiveCfg = Debug|Any CPU
		{9F3EF1C2-9C2B-43A5-A3A5-0FE1418F26A0}.Debug|Any CPU.Build.0 = Debug|Any CPU
		{9F3EF1C2-9C2B-43A5-A3A5-0FE1418F26A0}.Release|Any CPU.ActiveCfg = Release|Any CPU
		{9F3EF1C2-9C2B-43A5-A3A5-0FE1418F26A0}.Release|Any CPU.Build.0 = Release|Any CPU
		{688E9A9C-216B-4745-A0C0-852994693300}.Debug|Any CPU.ActiveCfg = Debug|Any CPU
		{688E9A9C-216B-4745-A0C0-852994693300}.Debug|Any CPU.Build.0 = Debug|Any CPU
		{688E9A9C-216B-4745-A0C0-852994693300}.Release|Any CPU.ActiveCfg = Release|Any CPU
		{688E9A9C-216B-4745-A0C0-852994693300}.Release|Any CPU.Build.0 = Release|Any CPU
		{1CE995CF-AABC-45D2-8D28-D79AEED24542}.Debug|Any CPU.ActiveCfg = Debug|Any CPU
		{1CE995CF-AABC-45D2-8D28-D79AEED24542}.Debug|Any CPU.Build.0 = Debug|Any CPU
		{1CE995CF-AABC-45D2-8D28-D79AEED24542}.Release|Any CPU.ActiveCfg = Release|Any CPU
		{1CE995CF-AABC-45D2-8D28-D79AEED24542}.Release|Any CPU.Build.0 = Release|Any CPU
		{611AF611-A983-4F1E-BF3A-8B3D6D24713C}.Debug|Any CPU.ActiveCfg = Debug|Any CPU
		{611AF611-A983-4F1E-BF3A-8B3D6D24713C}.Debug|Any CPU.Build.0 = Debug|Any CPU
		{611AF611-A983-4F1E-BF3A-8B3D6D24713C}.Release|Any CPU.ActiveCfg = Release|Any CPU
		{611AF611-A983-4F1E-BF3A-8B3D6D24713C}.Release|Any CPU.Build.0 = Release|Any CPU
		{96293C45-2875-4166-BB74-DC6996ED0321}.Debug|Any CPU.ActiveCfg = Debug|Any CPU
		{96293C45-2875-4166-BB74-DC6996ED0321}.Debug|Any CPU.Build.0 = Debug|Any CPU
		{96293C45-2875-4166-BB74-DC6996ED0321}.Release|Any CPU.ActiveCfg = Release|Any CPU
		{96293C45-2875-4166-BB74-DC6996ED0321}.Release|Any CPU.Build.0 = Release|Any CPU
		{52D6CF61-758A-4581-A131-8A64A57BB0B4}.Debug|Any CPU.ActiveCfg = Debug|Any CPU
		{52D6CF61-758A-4581-A131-8A64A57BB0B4}.Debug|Any CPU.Build.0 = Debug|Any CPU
		{52D6CF61-758A-4581-A131-8A64A57BB0B4}.Release|Any CPU.ActiveCfg = Release|Any CPU
		{52D6CF61-758A-4581-A131-8A64A57BB0B4}.Release|Any CPU.Build.0 = Release|Any CPU
		{10954868-564D-448E-AB17-811B8DC5574C}.Debug|Any CPU.ActiveCfg = Debug|Any CPU
		{10954868-564D-448E-AB17-811B8DC5574C}.Debug|Any CPU.Build.0 = Debug|Any CPU
		{10954868-564D-448E-AB17-811B8DC5574C}.Release|Any CPU.ActiveCfg = Release|Any CPU
		{10954868-564D-448E-AB17-811B8DC5574C}.Release|Any CPU.Build.0 = Release|Any CPU
		{718EC8CB-9CC4-43FC-A5C3-8D4E4D4DD0EE}.Debug|Any CPU.ActiveCfg = Debug|Any CPU
		{718EC8CB-9CC4-43FC-A5C3-8D4E4D4DD0EE}.Debug|Any CPU.Build.0 = Debug|Any CPU
		{718EC8CB-9CC4-43FC-A5C3-8D4E4D4DD0EE}.Release|Any CPU.ActiveCfg = Release|Any CPU
		{718EC8CB-9CC4-43FC-A5C3-8D4E4D4DD0EE}.Release|Any CPU.Build.0 = Release|Any CPU
		{198FAC13-41FF-43F5-86E1-CD9C3A194415}.Debug|Any CPU.ActiveCfg = Debug|Any CPU
		{198FAC13-41FF-43F5-86E1-CD9C3A194415}.Debug|Any CPU.Build.0 = Debug|Any CPU
		{198FAC13-41FF-43F5-86E1-CD9C3A194415}.Release|Any CPU.ActiveCfg = Release|Any CPU
		{198FAC13-41FF-43F5-86E1-CD9C3A194415}.Release|Any CPU.Build.0 = Release|Any CPU
		{701AEA97-7414-481C-9458-B20C8235CAE8}.Debug|Any CPU.ActiveCfg = Debug|Any CPU
		{701AEA97-7414-481C-9458-B20C8235CAE8}.Debug|Any CPU.Build.0 = Debug|Any CPU
		{701AEA97-7414-481C-9458-B20C8235CAE8}.Release|Any CPU.ActiveCfg = Release|Any CPU
		{701AEA97-7414-481C-9458-B20C8235CAE8}.Release|Any CPU.Build.0 = Release|Any CPU
		{783586C4-255F-4481-8B7D-08C1B1CDB297}.Debug|Any CPU.ActiveCfg = Debug|Any CPU
		{783586C4-255F-4481-8B7D-08C1B1CDB297}.Debug|Any CPU.Build.0 = Debug|Any CPU
		{783586C4-255F-4481-8B7D-08C1B1CDB297}.Release|Any CPU.ActiveCfg = Release|Any CPU
		{783586C4-255F-4481-8B7D-08C1B1CDB297}.Release|Any CPU.Build.0 = Release|Any CPU
		{F7973E47-BBB4-4653-AF56-89E8684A341E}.Debug|Any CPU.ActiveCfg = Debug|Any CPU
		{F7973E47-BBB4-4653-AF56-89E8684A341E}.Debug|Any CPU.Build.0 = Debug|Any CPU
		{F7973E47-BBB4-4653-AF56-89E8684A341E}.Release|Any CPU.ActiveCfg = Release|Any CPU
		{F7973E47-BBB4-4653-AF56-89E8684A341E}.Release|Any CPU.Build.0 = Release|Any CPU
		{614175F2-9925-4D09-BDA1-10E97251842B}.Debug|Any CPU.ActiveCfg = Debug|Any CPU
		{614175F2-9925-4D09-BDA1-10E97251842B}.Debug|Any CPU.Build.0 = Debug|Any CPU
		{614175F2-9925-4D09-BDA1-10E97251842B}.Release|Any CPU.ActiveCfg = Release|Any CPU
		{614175F2-9925-4D09-BDA1-10E97251842B}.Release|Any CPU.Build.0 = Release|Any CPU
		{7C225E8E-7943-4F4F-8A1C-A60FB805315E}.Debug|Any CPU.ActiveCfg = Debug|Any CPU
		{7C225E8E-7943-4F4F-8A1C-A60FB805315E}.Debug|Any CPU.Build.0 = Debug|Any CPU
		{7C225E8E-7943-4F4F-8A1C-A60FB805315E}.Release|Any CPU.ActiveCfg = Release|Any CPU
		{7C225E8E-7943-4F4F-8A1C-A60FB805315E}.Release|Any CPU.Build.0 = Release|Any CPU
		{6645E6E6-00A3-4E13-886F-DB92C15B5791}.Debug|Any CPU.ActiveCfg = Debug|Any CPU
		{6645E6E6-00A3-4E13-886F-DB92C15B5791}.Debug|Any CPU.Build.0 = Debug|Any CPU
		{6645E6E6-00A3-4E13-886F-DB92C15B5791}.Release|Any CPU.ActiveCfg = Release|Any CPU
		{6645E6E6-00A3-4E13-886F-DB92C15B5791}.Release|Any CPU.Build.0 = Release|Any CPU
		{CCBD06A5-5A9E-4559-9CBD-AB4EBE431BC8}.Debug|Any CPU.ActiveCfg = Debug|Any CPU
		{CCBD06A5-5A9E-4559-9CBD-AB4EBE431BC8}.Debug|Any CPU.Build.0 = Debug|Any CPU
		{CCBD06A5-5A9E-4559-9CBD-AB4EBE431BC8}.Release|Any CPU.ActiveCfg = Release|Any CPU
		{CCBD06A5-5A9E-4559-9CBD-AB4EBE431BC8}.Release|Any CPU.Build.0 = Release|Any CPU
	EndGlobalSection
	GlobalSection(SolutionProperties) = preSolution
		HideSolutionNode = FALSE
	EndGlobalSection
	GlobalSection(ExtensibilityGlobals) = postSolution
		SolutionGuid = {B29B05DE-EB3F-46E3-9A2B-739356AD93A7}
	EndGlobalSection
	GlobalSection(NestedProjects) = preSolution
		{D21325E6-EC0B-42C4-ADC5-1D333D2B7BE9} = {3498BC7E-C462-4E5E-B0B1-3F7D3216820C}
		{7F14AB70-8786-42B8-BAA6-313B3CFBB71B} = {3498BC7E-C462-4E5E-B0B1-3F7D3216820C}
		{25E87DC6-1792-442A-987D-27C58D67CC05} = {3498BC7E-C462-4E5E-B0B1-3F7D3216820C}
		{B2750960-CB33-4649-A29D-31885CF619F5} = {C0D47C2F-FF2E-4B5B-AA19-BD90ABDD03D3}
		{364C6280-2F92-40A4-A7EC-D4D9A5BEBE9B} = {22C195C6-DB0F-411C-B8F9-7AF22F732694}
		{C7F81269-223D-4525-8A4D-D0A165055B3F} = {22C195C6-DB0F-411C-B8F9-7AF22F732694}
		{D0D1E0B7-E8BF-48F5-9B53-3C1AD5ED7077} = {27F10D16-2FDC-4A13-962F-EB164A6B1A59}
		{9E3F9812-2CF3-4251-8926-55D897218D82} = {D0D1E0B7-E8BF-48F5-9B53-3C1AD5ED7077}
		{49660977-B190-4E31-B5BD-2AE72B846A53} = {D0D1E0B7-E8BF-48F5-9B53-3C1AD5ED7077}
		{FDB26579-B3AD-41A5-BE79-0529890CD9A7} = {27F10D16-2FDC-4A13-962F-EB164A6B1A59}
		{AF10F9E3-473F-484F-8FB6-C86138CEE9E5} = {FDB26579-B3AD-41A5-BE79-0529890CD9A7}
		{CC46483A-E8FE-4ACF-A479-D9A9D101FCFD} = {27F10D16-2FDC-4A13-962F-EB164A6B1A59}
		{FF4532DB-20E4-4891-A16A-4A868D75A8D3} = {CC46483A-E8FE-4ACF-A479-D9A9D101FCFD}
		{84054FFE-24DF-43AC-8487-8A50120E9078} = {D0D1E0B7-E8BF-48F5-9B53-3C1AD5ED7077}
		{13B83BCD-BF5D-4AD2-9D87-743FB0E0E92D} = {27F10D16-2FDC-4A13-962F-EB164A6B1A59}
		{7F770727-E42F-4A06-852D-3AF86BF5D5B5} = {D0D1E0B7-E8BF-48F5-9B53-3C1AD5ED7077}
		{E06F255E-5933-4447-8EBA-B1877532F0AF} = {13B83BCD-BF5D-4AD2-9D87-743FB0E0E92D}
		{1A446093-7497-4CF8-9ADC-47CBE0ECFAD1} = {13B83BCD-BF5D-4AD2-9D87-743FB0E0E92D}
		{29447C38-8AF5-4965-8B0C-16CA7CA78AF0} = {D0D1E0B7-E8BF-48F5-9B53-3C1AD5ED7077}
		{A2660E65-7DA6-4CA4-8BE4-DF9FA4D29B9C} = {13B83BCD-BF5D-4AD2-9D87-743FB0E0E92D}
		{A5ED9934-FC74-4C16-B493-62EAD521C6CB} = {13B83BCD-BF5D-4AD2-9D87-743FB0E0E92D}
		{64522B79-DCE1-4571-9FC7-199FF9972442} = {FDB26579-B3AD-41A5-BE79-0529890CD9A7}
		{8D33ED58-1B05-4579-8A74-8DDC66923EE0} = {FDB26579-B3AD-41A5-BE79-0529890CD9A7}
		{9913061D-35E3-4898-9979-E88A25E980BC} = {FDB26579-B3AD-41A5-BE79-0529890CD9A7}
		{8C9ACEDB-1559-4AEE-A8C2-9C4426F0F52F} = {27F10D16-2FDC-4A13-962F-EB164A6B1A59}
		{36CC5B17-02B4-4AD6-A918-095CAEFFA96C} = {8C9ACEDB-1559-4AEE-A8C2-9C4426F0F52F}
		{9046DFE5-8092-41D0-A5C6-DEFFA5F615F4} = {8C9ACEDB-1559-4AEE-A8C2-9C4426F0F52F}
		{9F3EF1C2-9C2B-43A5-A3A5-0FE1418F26A0} = {8C9ACEDB-1559-4AEE-A8C2-9C4426F0F52F}
		{688E9A9C-216B-4745-A0C0-852994693300} = {8C9ACEDB-1559-4AEE-A8C2-9C4426F0F52F}
		{1CE995CF-AABC-45D2-8D28-D79AEED24542} = {8C9ACEDB-1559-4AEE-A8C2-9C4426F0F52F}
		{74F8809A-77D0-4279-873E-318ED7CD4D71} = {27F10D16-2FDC-4A13-962F-EB164A6B1A59}
		{611AF611-A983-4F1E-BF3A-8B3D6D24713C} = {74F8809A-77D0-4279-873E-318ED7CD4D71}
		{96293C45-2875-4166-BB74-DC6996ED0321} = {74F8809A-77D0-4279-873E-318ED7CD4D71}
		{52D6CF61-758A-4581-A131-8A64A57BB0B4} = {74F8809A-77D0-4279-873E-318ED7CD4D71}
		{10954868-564D-448E-AB17-811B8DC5574C} = {74F8809A-77D0-4279-873E-318ED7CD4D71}
		{718EC8CB-9CC4-43FC-A5C3-8D4E4D4DD0EE} = {41398AE5-FD00-46BA-AF0B-B9313794B8C0}
		{AE5E9EEE-0624-45A4-A97A-C43A4501BD5A} = {27F10D16-2FDC-4A13-962F-EB164A6B1A59}
		{198FAC13-41FF-43F5-86E1-CD9C3A194415} = {AE5E9EEE-0624-45A4-A97A-C43A4501BD5A}
		{701AEA97-7414-481C-9458-B20C8235CAE8} = {74F8809A-77D0-4279-873E-318ED7CD4D71}
		{450DDF86-A628-461A-9637-424DD841BE6C} = {27F10D16-2FDC-4A13-962F-EB164A6B1A59}
		{783586C4-255F-4481-8B7D-08C1B1CDB297} = {450DDF86-A628-461A-9637-424DD841BE6C}
		{F7973E47-BBB4-4653-AF56-89E8684A341E} = {450DDF86-A628-461A-9637-424DD841BE6C}
		{614175F2-9925-4D09-BDA1-10E97251842B} = {450DDF86-A628-461A-9637-424DD841BE6C}
		{7C225E8E-7943-4F4F-8A1C-A60FB805315E} = {450DDF86-A628-461A-9637-424DD841BE6C}
		{6645E6E6-00A3-4E13-886F-DB92C15B5791} = {450DDF86-A628-461A-9637-424DD841BE6C}
		{CCBD06A5-5A9E-4559-9CBD-AB4EBE431BC8} = {22C195C6-DB0F-411C-B8F9-7AF22F732694}
	EndGlobalSection
EndGlobal
