
Microsoft Visual Studio Solution File, Format Version 12.00
Project("{FAE04EC0-301F-11D3-BF4B-00C04F79EFBC}") = "XFramework.Client.Shared", "XFramework\XFramework\Client\XFramework.Client.Shared\XFramework.Client.Shared.csproj", "{A4284545-760C-4F19-B133-C950C03037DF}"
EndProject
Project("{FAE04EC0-301F-11D3-BF4B-00C04F79EFBC}") = "XFramework.Administrator", "XFramework\XFramework\Client\XFramework.Administrator\XFramework.Administrator.csproj", "{A0C0DDFC-3787-4F55-AB8F-FAB6982E3589}"
EndProject
Project("{2150E333-8FDC-42A3-9474-1A3956D46DE8}") = "Dependencies", "Dependencies", "{C56F3EF2-432E-4A94-ACEC-29B9AF1E5A1A}"
EndProject
Project("{FAE04EC0-301F-11D3-BF4B-00C04F79EFBC}") = "Community.Domain.Generic", "XFramework\XFramework.Subsystems\XFramework.Community\Community.Domain.Generic\Community.Domain.Generic.csproj", "{7F546CB2-6D09-40D9-90BE-9DA78803C3B8}"
EndProject
Project("{FAE04EC0-301F-11D3-BF4B-00C04F79EFBC}") = "Community.Integration", "XFramework\XFramework.Subsystems\XFramework.Community\Community.Integration\Community.Integration.csproj", "{B41726D2-56A6-4EDB-835C-D53CD783EDD5}"
EndProject
Project("{FAE04EC0-301F-11D3-BF4B-00C04F79EFBC}") = "IdentityServer.Domain.Generic", "XFramework\XFramework.Subsystems\XFramework.IdentityServer\IdentityServer.Domain.Generic\IdentityServer.Domain.Generic.csproj", "{E3E06AFF-4CD2-4A36-A45F-E2E03F4C9FF2}"
EndProject
Project("{FAE04EC0-301F-11D3-BF4B-00C04F79EFBC}") = "IdentityServer.Integration", "XFramework\XFramework.Subsystems\XFramework.IdentityServer\IdentityServer.Integration\IdentityServer.Integration.csproj", "{4CFB69CB-3AE1-4F21-B134-4D0C0339F8E7}"
EndProject
Project("{FAE04EC0-301F-11D3-BF4B-00C04F79EFBC}") = "Wallets.Domain.Generic", "XFramework\XFramework.Subsystems\XFramework.Wallets\Wallets.Domain.Generic\Wallets.Domain.Generic.csproj", "{BAA4613A-6F1A-42B3-A83B-F02722AFD4FE}"
EndProject
Project("{FAE04EC0-301F-11D3-BF4B-00C04F79EFBC}") = "XFramework.Domain.Generic", "XFramework\XFramework\Server\XFramework.Domain.Generic\XFramework.Domain.Generic.csproj", "{01440C3B-0387-4049-9F1B-1E5FD8EC20D1}"
EndProject
Project("{FAE04EC0-301F-11D3-BF4B-00C04F79EFBC}") = "XFramework.Integration", "XFramework\XFramework\Server\XFramework.Integration\XFramework.Integration.csproj", "{D6CE26C0-F0A0-4B5A-9795-41B95E51FDFF}"
EndProject
Project("{FAE04EC0-301F-11D3-BF4B-00C04F79EFBC}") = "Messaging.Integration", "XFramework\XFramework.Subsystems\XFramework.Messaging\Messaging.Integration\Messaging.Integration.csproj", "{5E5C2672-D825-486D-88E2-FE73F2214C3D}"
EndProject
Project("{FAE04EC0-301F-11D3-BF4B-00C04F79EFBC}") = "Messaging.Domain.Generic", "XFramework\XFramework.Subsystems\XFramework.Messaging\Messaging.Domain.Generic\Messaging.Domain.Generic.csproj", "{D97181A3-97CE-486E-8A6E-5033E6336272}"
EndProject
Project("{2150E333-8FDC-42A3-9474-1A3956D46DE8}") = "Tests", "Tests", "{D4387B04-304D-4329-BB1A-8E6FC131E938}"
EndProject
Project("{FAE04EC0-301F-11D3-BF4B-00C04F79EFBC}") = "XFramework.Client.Test.UI", "XFramework\XFramework\Client\XFramework.Client.Test.UI\XFramework.Client.Test.UI.csproj", "{2245FEE8-C7DE-46FB-9532-280188E84D03}"
EndProject
Global
	GlobalSection(SolutionConfigurationPlatforms) = preSolution
		Debug|Any CPU = Debug|Any CPU
		Release|Any CPU = Release|Any CPU
	EndGlobalSection
	GlobalSection(ProjectConfigurationPlatforms) = postSolution
		{A4284545-760C-4F19-B133-C950C03037DF}.Debug|Any CPU.ActiveCfg = Debug|Any CPU
		{A4284545-760C-4F19-B133-C950C03037DF}.Debug|Any CPU.Build.0 = Debug|Any CPU
		{A4284545-760C-4F19-B133-C950C03037DF}.Release|Any CPU.ActiveCfg = Release|Any CPU
		{A4284545-760C-4F19-B133-C950C03037DF}.Release|Any CPU.Build.0 = Release|Any CPU
		{A0C0DDFC-3787-4F55-AB8F-FAB6982E3589}.Debug|Any CPU.ActiveCfg = Debug|Any CPU
		{A0C0DDFC-3787-4F55-AB8F-FAB6982E3589}.Debug|Any CPU.Build.0 = Debug|Any CPU
		{A0C0DDFC-3787-4F55-AB8F-FAB6982E3589}.Release|Any CPU.ActiveCfg = Release|Any CPU
		{A0C0DDFC-3787-4F55-AB8F-FAB6982E3589}.Release|Any CPU.Build.0 = Release|Any CPU
		{7F546CB2-6D09-40D9-90BE-9DA78803C3B8}.Debug|Any CPU.ActiveCfg = Debug|Any CPU
		{7F546CB2-6D09-40D9-90BE-9DA78803C3B8}.Debug|Any CPU.Build.0 = Debug|Any CPU
		{7F546CB2-6D09-40D9-90BE-9DA78803C3B8}.Release|Any CPU.ActiveCfg = Release|Any CPU
		{7F546CB2-6D09-40D9-90BE-9DA78803C3B8}.Release|Any CPU.Build.0 = Release|Any CPU
		{B41726D2-56A6-4EDB-835C-D53CD783EDD5}.Debug|Any CPU.ActiveCfg = Debug|Any CPU
		{B41726D2-56A6-4EDB-835C-D53CD783EDD5}.Debug|Any CPU.Build.0 = Debug|Any CPU
		{B41726D2-56A6-4EDB-835C-D53CD783EDD5}.Release|Any CPU.ActiveCfg = Release|Any CPU
		{B41726D2-56A6-4EDB-835C-D53CD783EDD5}.Release|Any CPU.Build.0 = Release|Any CPU
		{E3E06AFF-4CD2-4A36-A45F-E2E03F4C9FF2}.Debug|Any CPU.ActiveCfg = Debug|Any CPU
		{E3E06AFF-4CD2-4A36-A45F-E2E03F4C9FF2}.Debug|Any CPU.Build.0 = Debug|Any CPU
		{E3E06AFF-4CD2-4A36-A45F-E2E03F4C9FF2}.Release|Any CPU.ActiveCfg = Release|Any CPU
		{E3E06AFF-4CD2-4A36-A45F-E2E03F4C9FF2}.Release|Any CPU.Build.0 = Release|Any CPU
		{4CFB69CB-3AE1-4F21-B134-4D0C0339F8E7}.Debug|Any CPU.ActiveCfg = Debug|Any CPU
		{4CFB69CB-3AE1-4F21-B134-4D0C0339F8E7}.Debug|Any CPU.Build.0 = Debug|Any CPU
		{4CFB69CB-3AE1-4F21-B134-4D0C0339F8E7}.Release|Any CPU.ActiveCfg = Release|Any CPU
		{4CFB69CB-3AE1-4F21-B134-4D0C0339F8E7}.Release|Any CPU.Build.0 = Release|Any CPU
		{BAA4613A-6F1A-42B3-A83B-F02722AFD4FE}.Debug|Any CPU.ActiveCfg = Debug|Any CPU
		{BAA4613A-6F1A-42B3-A83B-F02722AFD4FE}.Debug|Any CPU.Build.0 = Debug|Any CPU
		{BAA4613A-6F1A-42B3-A83B-F02722AFD4FE}.Release|Any CPU.ActiveCfg = Release|Any CPU
		{BAA4613A-6F1A-42B3-A83B-F02722AFD4FE}.Release|Any CPU.Build.0 = Release|Any CPU
		{01440C3B-0387-4049-9F1B-1E5FD8EC20D1}.Debug|Any CPU.ActiveCfg = Debug|Any CPU
		{01440C3B-0387-4049-9F1B-1E5FD8EC20D1}.Debug|Any CPU.Build.0 = Debug|Any CPU
		{01440C3B-0387-4049-9F1B-1E5FD8EC20D1}.Release|Any CPU.ActiveCfg = Release|Any CPU
		{01440C3B-0387-4049-9F1B-1E5FD8EC20D1}.Release|Any CPU.Build.0 = Release|Any CPU
		{D6CE26C0-F0A0-4B5A-9795-41B95E51FDFF}.Debug|Any CPU.ActiveCfg = Debug|Any CPU
		{D6CE26C0-F0A0-4B5A-9795-41B95E51FDFF}.Debug|Any CPU.Build.0 = Debug|Any CPU
		{D6CE26C0-F0A0-4B5A-9795-41B95E51FDFF}.Release|Any CPU.ActiveCfg = Release|Any CPU
		{D6CE26C0-F0A0-4B5A-9795-41B95E51FDFF}.Release|Any CPU.Build.0 = Release|Any CPU
		{5E5C2672-D825-486D-88E2-FE73F2214C3D}.Debug|Any CPU.ActiveCfg = Debug|Any CPU
		{5E5C2672-D825-486D-88E2-FE73F2214C3D}.Debug|Any CPU.Build.0 = Debug|Any CPU
		{5E5C2672-D825-486D-88E2-FE73F2214C3D}.Release|Any CPU.ActiveCfg = Release|Any CPU
		{5E5C2672-D825-486D-88E2-FE73F2214C3D}.Release|Any CPU.Build.0 = Release|Any CPU
		{D97181A3-97CE-486E-8A6E-5033E6336272}.Debug|Any CPU.ActiveCfg = Debug|Any CPU
		{D97181A3-97CE-486E-8A6E-5033E6336272}.Debug|Any CPU.Build.0 = Debug|Any CPU
		{D97181A3-97CE-486E-8A6E-5033E6336272}.Release|Any CPU.ActiveCfg = Release|Any CPU
		{D97181A3-97CE-486E-8A6E-5033E6336272}.Release|Any CPU.Build.0 = Release|Any CPU
		{2245FEE8-C7DE-46FB-9532-280188E84D03}.Debug|Any CPU.ActiveCfg = Debug|Any CPU
		{2245FEE8-C7DE-46FB-9532-280188E84D03}.Debug|Any CPU.Build.0 = Debug|Any CPU
		{2245FEE8-C7DE-46FB-9532-280188E84D03}.Release|Any CPU.ActiveCfg = Release|Any CPU
		{2245FEE8-C7DE-46FB-9532-280188E84D03}.Release|Any CPU.Build.0 = Release|Any CPU
	EndGlobalSection
	GlobalSection(NestedProjects) = preSolution
		{7F546CB2-6D09-40D9-90BE-9DA78803C3B8} = {C56F3EF2-432E-4A94-ACEC-29B9AF1E5A1A}
		{B41726D2-56A6-4EDB-835C-D53CD783EDD5} = {C56F3EF2-432E-4A94-ACEC-29B9AF1E5A1A}
		{E3E06AFF-4CD2-4A36-A45F-E2E03F4C9FF2} = {C56F3EF2-432E-4A94-ACEC-29B9AF1E5A1A}
		{4CFB69CB-3AE1-4F21-B134-4D0C0339F8E7} = {C56F3EF2-432E-4A94-ACEC-29B9AF1E5A1A}
		{BAA4613A-6F1A-42B3-A83B-F02722AFD4FE} = {C56F3EF2-432E-4A94-ACEC-29B9AF1E5A1A}
		{01440C3B-0387-4049-9F1B-1E5FD8EC20D1} = {C56F3EF2-432E-4A94-ACEC-29B9AF1E5A1A}
		{D6CE26C0-F0A0-4B5A-9795-41B95E51FDFF} = {C56F3EF2-432E-4A94-ACEC-29B9AF1E5A1A}
		{5E5C2672-D825-486D-88E2-FE73F2214C3D} = {C56F3EF2-432E-4A94-ACEC-29B9AF1E5A1A}
		{D97181A3-97CE-486E-8A6E-5033E6336272} = {C56F3EF2-432E-4A94-ACEC-29B9AF1E5A1A}
		{2245FEE8-C7DE-46FB-9532-280188E84D03} = {D4387B04-304D-4329-BB1A-8E6FC131E938}
	EndGlobalSection
EndGlobal
