
Microsoft Visual Studio Solution File, Format Version 12.00
Project("{2150E333-8FDC-42A3-9474-1A3956D46DE8}") = "Application", "Application", "{B1577FDE-62FE-446D-9F0F-2560794C2C8D}"
EndProject
Project("{2150E333-8FDC-42A3-9474-1A3956D46DE8}") = "Domain", "Domain", "{461AAD17-B3B6-46AE-9FD1-8B12C3C2C86B}"
EndProject
Project("{2150E333-8FDC-42A3-9474-1A3956D46DE8}") = "Presentation", "Presentation", "{B52E53A3-BBFB-4302-B353-E67A828847DF}"
EndProject
Project("{FAE04EC0-301F-11D3-BF4B-00C04F79EFBC}") = "Community.Core", "XFramework.Community\Community.Core\Community.Core.csproj", "{20470303-BAC3-4428-A720-93A7BF71606B}"
EndProject
Project("{FAE04EC0-301F-11D3-BF4B-00C04F79EFBC}") = "Community.Domain", "XFramework.Community\Community.Domain\Community.Domain.csproj", "{1D2CFE18-86BB-4D6E-A44D-34CCA619A116}"
EndProject
Project("{FAE04EC0-301F-11D3-BF4B-00C04F79EFBC}") = "Community.Domain.Generic", "XFramework.Community\Community.Domain.Generic\Community.Domain.Generic.csproj", "{3DD57892-90BC-4056-8F4D-0AB02F2EECA2}"
EndProject
Project("{FAE04EC0-301F-11D3-BF4B-00C04F79EFBC}") = "Community.Api", "XFramework.Community\Community.Api\Community.Api.csproj", "{6DD766D4-5341-4AAB-AB1C-FB003EB62632}"
EndProject
Project("{FAE04EC0-301F-11D3-BF4B-00C04F79EFBC}") = "Community.Integration", "XFramework.Community\Community.Integration\Community.Integration.csproj", "{49346666-178F-4B96-908A-C65B03094D42}"
EndProject
Global
	GlobalSection(SolutionConfigurationPlatforms) = preSolution
		Debug|Any CPU = Debug|Any CPU
		Release|Any CPU = Release|Any CPU
	EndGlobalSection
	GlobalSection(NestedProjects) = preSolution
		{20470303-BAC3-4428-A720-93A7BF71606B} = {B1577FDE-62FE-446D-9F0F-2560794C2C8D}
		{1D2CFE18-86BB-4D6E-A44D-34CCA619A116} = {461AAD17-B3B6-46AE-9FD1-8B12C3C2C86B}
		{3DD57892-90BC-4056-8F4D-0AB02F2EECA2} = {461AAD17-B3B6-46AE-9FD1-8B12C3C2C86B}
		{6DD766D4-5341-4AAB-AB1C-FB003EB62632} = {B52E53A3-BBFB-4302-B353-E67A828847DF}
		{49346666-178F-4B96-908A-C65B03094D42} = {B1577FDE-62FE-446D-9F0F-2560794C2C8D}
	EndGlobalSection
	GlobalSection(ProjectConfigurationPlatforms) = postSolution
		{20470303-BAC3-4428-A720-93A7BF71606B}.Debug|Any CPU.ActiveCfg = Debug|Any CPU
		{20470303-BAC3-4428-A720-93A7BF71606B}.Debug|Any CPU.Build.0 = Debug|Any CPU
		{20470303-BAC3-4428-A720-93A7BF71606B}.Release|Any CPU.ActiveCfg = Release|Any CPU
		{20470303-BAC3-4428-A720-93A7BF71606B}.Release|Any CPU.Build.0 = Release|Any CPU
		{1D2CFE18-86BB-4D6E-A44D-34CCA619A116}.Debug|Any CPU.ActiveCfg = Debug|Any CPU
		{1D2CFE18-86BB-4D6E-A44D-34CCA619A116}.Debug|Any CPU.Build.0 = Debug|Any CPU
		{1D2CFE18-86BB-4D6E-A44D-34CCA619A116}.Release|Any CPU.ActiveCfg = Release|Any CPU
		{1D2CFE18-86BB-4D6E-A44D-34CCA619A116}.Release|Any CPU.Build.0 = Release|Any CPU
		{3DD57892-90BC-4056-8F4D-0AB02F2EECA2}.Debug|Any CPU.ActiveCfg = Debug|Any CPU
		{3DD57892-90BC-4056-8F4D-0AB02F2EECA2}.Debug|Any CPU.Build.0 = Debug|Any CPU
		{3DD57892-90BC-4056-8F4D-0AB02F2EECA2}.Release|Any CPU.ActiveCfg = Release|Any CPU
		{3DD57892-90BC-4056-8F4D-0AB02F2EECA2}.Release|Any CPU.Build.0 = Release|Any CPU
		{6DD766D4-5341-4AAB-AB1C-FB003EB62632}.Debug|Any CPU.ActiveCfg = Debug|Any CPU
		{6DD766D4-5341-4AAB-AB1C-FB003EB62632}.Debug|Any CPU.Build.0 = Debug|Any CPU
		{6DD766D4-5341-4AAB-AB1C-FB003EB62632}.Release|Any CPU.ActiveCfg = Release|Any CPU
		{6DD766D4-5341-4AAB-AB1C-FB003EB62632}.Release|Any CPU.Build.0 = Release|Any CPU
		{49346666-178F-4B96-908A-C65B03094D42}.Debug|Any CPU.ActiveCfg = Debug|Any CPU
		{49346666-178F-4B96-908A-C65B03094D42}.Debug|Any CPU.Build.0 = Debug|Any CPU
		{49346666-178F-4B96-908A-C65B03094D42}.Release|Any CPU.ActiveCfg = Release|Any CPU
		{49346666-178F-4B96-908A-C65B03094D42}.Release|Any CPU.Build.0 = Release|Any CPU
	EndGlobalSection
EndGlobal
