
Microsoft Visual Studio Solution File, Format Version 12.00
Project("{2150E333-8FDC-42A3-9474-1A3956D46DE8}") = "Application", "Application", "{20A25D80-B8D6-4E53-A8CC-7C75C619E177}"
EndProject
Project("{2150E333-8FDC-42A3-9474-1A3956D46DE8}") = "Domain", "Domain", "{9C92A728-FD67-4A36-8C71-21E857001E7C}"
EndProject
Project("{2150E333-8FDC-42A3-9474-1A3956D46DE8}") = "Presentation", "Presentation", "{7962063E-6020-4E05-91B3-8312EF300E93}"
EndProject
Project("{FAE04EC0-301F-11D3-BF4B-00C04F79EFBC}") = "Messaging.Core", "XFramework.Messaging\Messaging.Core\Messaging.Core.csproj", "{DCCA80D1-4AEB-4552-8966-47FFAB46980D}"
EndProject
Project("{FAE04EC0-301F-11D3-BF4B-00C04F79EFBC}") = "Messaging.Domain", "XFramework.Messaging\Messaging.Domain\Messaging.Domain.csproj", "{E1702B3E-B110-4227-804C-E7F607752C83}"
EndProject
Project("{FAE04EC0-301F-11D3-BF4B-00C04F79EFBC}") = "Messaging.Domain.Generic", "XFramework.Messaging\Messaging.Domain.Generic\Messaging.Domain.Generic.csproj", "{2C0F4C68-F054-41D5-9459-AE0E3196EFDE}"
EndProject
Project("{FAE04EC0-301F-11D3-BF4B-00C04F79EFBC}") = "Messaging.Api", "XFramework.Messaging\Messaging.Api\Messaging.Api.csproj", "{922A40F1-196B-46CE-A56F-F5C4A10A86BA}"
EndProject
Project("{FAE04EC0-301F-11D3-BF4B-00C04F79EFBC}") = "Messaging.Integration", "XFramework.Messaging\Messaging.Integration\Messaging.Integration.csproj", "{6BBEBC35-681A-4243-AB2B-2DC503687F21}"
EndProject
Global
	GlobalSection(SolutionConfigurationPlatforms) = preSolution
		Debug|Any CPU = Debug|Any CPU
		Release|Any CPU = Release|Any CPU
	EndGlobalSection
	GlobalSection(NestedProjects) = preSolution
		{DCCA80D1-4AEB-4552-8966-47FFAB46980D} = {20A25D80-B8D6-4E53-A8CC-7C75C619E177}
		{E1702B3E-B110-4227-804C-E7F607752C83} = {9C92A728-FD67-4A36-8C71-21E857001E7C}
		{2C0F4C68-F054-41D5-9459-AE0E3196EFDE} = {9C92A728-FD67-4A36-8C71-21E857001E7C}
		{922A40F1-196B-46CE-A56F-F5C4A10A86BA} = {7962063E-6020-4E05-91B3-8312EF300E93}
		{6BBEBC35-681A-4243-AB2B-2DC503687F21} = {20A25D80-B8D6-4E53-A8CC-7C75C619E177}
	EndGlobalSection
	GlobalSection(ProjectConfigurationPlatforms) = postSolution
		{DCCA80D1-4AEB-4552-8966-47FFAB46980D}.Debug|Any CPU.ActiveCfg = Debug|Any CPU
		{DCCA80D1-4AEB-4552-8966-47FFAB46980D}.Debug|Any CPU.Build.0 = Debug|Any CPU
		{DCCA80D1-4AEB-4552-8966-47FFAB46980D}.Release|Any CPU.ActiveCfg = Release|Any CPU
		{DCCA80D1-4AEB-4552-8966-47FFAB46980D}.Release|Any CPU.Build.0 = Release|Any CPU
		{E1702B3E-B110-4227-804C-E7F607752C83}.Debug|Any CPU.ActiveCfg = Debug|Any CPU
		{E1702B3E-B110-4227-804C-E7F607752C83}.Debug|Any CPU.Build.0 = Debug|Any CPU
		{E1702B3E-B110-4227-804C-E7F607752C83}.Release|Any CPU.ActiveCfg = Release|Any CPU
		{E1702B3E-B110-4227-804C-E7F607752C83}.Release|Any CPU.Build.0 = Release|Any CPU
		{2C0F4C68-F054-41D5-9459-AE0E3196EFDE}.Debug|Any CPU.ActiveCfg = Debug|Any CPU
		{2C0F4C68-F054-41D5-9459-AE0E3196EFDE}.Debug|Any CPU.Build.0 = Debug|Any CPU
		{2C0F4C68-F054-41D5-9459-AE0E3196EFDE}.Release|Any CPU.ActiveCfg = Release|Any CPU
		{2C0F4C68-F054-41D5-9459-AE0E3196EFDE}.Release|Any CPU.Build.0 = Release|Any CPU
		{922A40F1-196B-46CE-A56F-F5C4A10A86BA}.Debug|Any CPU.ActiveCfg = Debug|Any CPU
		{922A40F1-196B-46CE-A56F-F5C4A10A86BA}.Debug|Any CPU.Build.0 = Debug|Any CPU
		{922A40F1-196B-46CE-A56F-F5C4A10A86BA}.Release|Any CPU.ActiveCfg = Release|Any CPU
		{922A40F1-196B-46CE-A56F-F5C4A10A86BA}.Release|Any CPU.Build.0 = Release|Any CPU
		{6BBEBC35-681A-4243-AB2B-2DC503687F21}.Debug|Any CPU.ActiveCfg = Debug|Any CPU
		{6BBEBC35-681A-4243-AB2B-2DC503687F21}.Debug|Any CPU.Build.0 = Debug|Any CPU
		{6BBEBC35-681A-4243-AB2B-2DC503687F21}.Release|Any CPU.ActiveCfg = Release|Any CPU
		{6BBEBC35-681A-4243-AB2B-2DC503687F21}.Release|Any CPU.Build.0 = Release|Any CPU
	EndGlobalSection
EndGlobal
