
Microsoft Visual Studio Solution File, Format Version 12.00
Project("{2150E333-8FDC-42A3-9474-1A3956D46DE8}") = "Application", "Application", "{D573B288-5B3C-43D7-8716-3254BBDAF7EE}"
EndProject
Project("{2150E333-8FDC-42A3-9474-1A3956D46DE8}") = "Domain", "Domain", "{E4B31F57-000D-455C-BB85-4F98CCCC6D70}"
EndProject
Project("{2150E333-8FDC-42A3-9474-1A3956D46DE8}") = "Presentation", "Presentation", "{519FEB0D-94CD-4D8D-BD3C-C2FF4A5EAEAA}"
EndProject
Project("{FAE04EC0-301F-11D3-BF4B-00C04F79EFBC}") = "HealthEssentials.Core", "XFramework.HealthEssentials\HealthEssentials.Core\HealthEssentials.Core.csproj", "{40EE5AE7-1F00-46E0-BBD1-052BDBD88A3E}"
EndProject
Project("{FAE04EC0-301F-11D3-BF4B-00C04F79EFBC}") = "HealthEssentials.Integration", "XFramework.HealthEssentials\HealthEssentials.Integration\HealthEssentials.Integration.csproj", "{2EFA6472-6CF3-4A15-8437-35CF137206AE}"
EndProject
Project("{FAE04EC0-301F-11D3-BF4B-00C04F79EFBC}") = "HealthEssentials.Domain", "XFramework.HealthEssentials\HealthEssentials.Domain\HealthEssentials.Domain.csproj", "{A44886A4-4D8F-4CC7-A374-841D9C9707C4}"
EndProject
Project("{FAE04EC0-301F-11D3-BF4B-00C04F79EFBC}") = "HealthEssentials.Domain.Generics", "XFramework.HealthEssentials\HealthEssentials.Domain.Generics\HealthEssentials.Domain.Generics.csproj", "{0CD8DD62-7FC1-45C7-9F41-52880A0E5758}"
EndProject
Project("{FAE04EC0-301F-11D3-BF4B-00C04F79EFBC}") = "HealthEssentials.Api", "XFramework.HealthEssentials\HealthEssentials.Api\HealthEssentials.Api.csproj", "{215482A1-2721-4AEE-BC60-4BB82DD38262}"
EndProject
Project("{2150E333-8FDC-42A3-9474-1A3956D46DE8}") = "_Dependencies", "_Dependencies", "{9FA8360D-1D4D-445C-B750-B3D4BCD47B00}"
EndProject
Project("{FAE04EC0-301F-11D3-BF4B-00C04F79EFBC}") = "IdentityServer.Domain.Generic", "XFramework.IdentityServer\IdentityServer.Domain.Generic\IdentityServer.Domain.Generic.csproj", "{32E44F03-9696-43CB-BF73-DFA96B643A80}"
EndProject
Project("{FAE04EC0-301F-11D3-BF4B-00C04F79EFBC}") = "SmsGateway.Domain.Generic", "XFramework.SmsGateway\SmsGateway.Domain.Generic\SmsGateway.Domain.Generic.csproj", "{CDF708CD-09D1-43D7-B777-7E0302D6FE21}"
EndProject
Project("{FAE04EC0-301F-11D3-BF4B-00C04F79EFBC}") = "SmsGateway.Integration", "XFramework.SmsGateway\SmsGateway.Integration\SmsGateway.Integration.csproj", "{638A535C-B8DE-41D6-AD8A-08018D01BA60}"
EndProject
Project("{FAE04EC0-301F-11D3-BF4B-00C04F79EFBC}") = "StreamFlow.Domain.Generic", "XFramework.StreamFlow\StreamFlow.Domain.Generic\StreamFlow.Domain.Generic.csproj", "{B7B31C89-2795-4668-9B7F-BA5C816124C3}"
EndProject
Project("{FAE04EC0-301F-11D3-BF4B-00C04F79EFBC}") = "Wallets.Domain.Generic", "XFramework.Wallets\Wallets.Domain.Generic\Wallets.Domain.Generic.csproj", "{314A1B31-EE09-4F9C-83EA-636B91B43355}"
EndProject
Project("{FAE04EC0-301F-11D3-BF4B-00C04F79EFBC}") = "XFramework.Domain.Generic", "..\XFramework\Server\XFramework.Domain.Generic\XFramework.Domain.Generic.csproj", "{52CCC4CF-B606-451F-AB3B-3F42D22E02D3}"
EndProject
Project("{FAE04EC0-301F-11D3-BF4B-00C04F79EFBC}") = "XFramework.Integration", "..\XFramework\Server\XFramework.Integration\XFramework.Integration.csproj", "{D118ACAF-23B4-4670-98EF-10F0842AA87B}"
EndProject
Project("{FAE04EC0-301F-11D3-BF4B-00C04F79EFBC}") = "Messaging.Domain.Generic", "XFramework.Messaging\Messaging.Domain.Generic\Messaging.Domain.Generic.csproj", "{5B0A728C-EC56-4B20-AFD6-5C19C6B3AF97}"
EndProject
Project("{FAE04EC0-301F-11D3-BF4B-00C04F79EFBC}") = "Messaging.Integration", "XFramework.Messaging\Messaging.Integration\Messaging.Integration.csproj", "{DBD34A0E-7C03-4BC3-BA33-BDCDD6CFB10F}"
EndProject
Global
	GlobalSection(SolutionConfigurationPlatforms) = preSolution
		Debug|Any CPU = Debug|Any CPU
		Release|Any CPU = Release|Any CPU
	EndGlobalSection
	GlobalSection(NestedProjects) = preSolution
		{40EE5AE7-1F00-46E0-BBD1-052BDBD88A3E} = {D573B288-5B3C-43D7-8716-3254BBDAF7EE}
		{2EFA6472-6CF3-4A15-8437-35CF137206AE} = {D573B288-5B3C-43D7-8716-3254BBDAF7EE}
		{A44886A4-4D8F-4CC7-A374-841D9C9707C4} = {E4B31F57-000D-455C-BB85-4F98CCCC6D70}
		{0CD8DD62-7FC1-45C7-9F41-52880A0E5758} = {E4B31F57-000D-455C-BB85-4F98CCCC6D70}
		{215482A1-2721-4AEE-BC60-4BB82DD38262} = {519FEB0D-94CD-4D8D-BD3C-C2FF4A5EAEAA}
		{32E44F03-9696-43CB-BF73-DFA96B643A80} = {9FA8360D-1D4D-445C-B750-B3D4BCD47B00}
		{CDF708CD-09D1-43D7-B777-7E0302D6FE21} = {9FA8360D-1D4D-445C-B750-B3D4BCD47B00}
		{638A535C-B8DE-41D6-AD8A-08018D01BA60} = {9FA8360D-1D4D-445C-B750-B3D4BCD47B00}
		{B7B31C89-2795-4668-9B7F-BA5C816124C3} = {9FA8360D-1D4D-445C-B750-B3D4BCD47B00}
		{314A1B31-EE09-4F9C-83EA-636B91B43355} = {9FA8360D-1D4D-445C-B750-B3D4BCD47B00}
		{52CCC4CF-B606-451F-AB3B-3F42D22E02D3} = {9FA8360D-1D4D-445C-B750-B3D4BCD47B00}
		{D118ACAF-23B4-4670-98EF-10F0842AA87B} = {9FA8360D-1D4D-445C-B750-B3D4BCD47B00}
		{5B0A728C-EC56-4B20-AFD6-5C19C6B3AF97} = {9FA8360D-1D4D-445C-B750-B3D4BCD47B00}
		{DBD34A0E-7C03-4BC3-BA33-BDCDD6CFB10F} = {9FA8360D-1D4D-445C-B750-B3D4BCD47B00}
	EndGlobalSection
	GlobalSection(ProjectConfigurationPlatforms) = postSolution
		{40EE5AE7-1F00-46E0-BBD1-052BDBD88A3E}.Debug|Any CPU.ActiveCfg = Debug|Any CPU
		{40EE5AE7-1F00-46E0-BBD1-052BDBD88A3E}.Debug|Any CPU.Build.0 = Debug|Any CPU
		{40EE5AE7-1F00-46E0-BBD1-052BDBD88A3E}.Release|Any CPU.ActiveCfg = Release|Any CPU
		{40EE5AE7-1F00-46E0-BBD1-052BDBD88A3E}.Release|Any CPU.Build.0 = Release|Any CPU
		{2EFA6472-6CF3-4A15-8437-35CF137206AE}.Debug|Any CPU.ActiveCfg = Debug|Any CPU
		{2EFA6472-6CF3-4A15-8437-35CF137206AE}.Debug|Any CPU.Build.0 = Debug|Any CPU
		{2EFA6472-6CF3-4A15-8437-35CF137206AE}.Release|Any CPU.ActiveCfg = Release|Any CPU
		{2EFA6472-6CF3-4A15-8437-35CF137206AE}.Release|Any CPU.Build.0 = Release|Any CPU
		{A44886A4-4D8F-4CC7-A374-841D9C9707C4}.Debug|Any CPU.ActiveCfg = Debug|Any CPU
		{A44886A4-4D8F-4CC7-A374-841D9C9707C4}.Debug|Any CPU.Build.0 = Debug|Any CPU
		{A44886A4-4D8F-4CC7-A374-841D9C9707C4}.Release|Any CPU.ActiveCfg = Release|Any CPU
		{A44886A4-4D8F-4CC7-A374-841D9C9707C4}.Release|Any CPU.Build.0 = Release|Any CPU
		{0CD8DD62-7FC1-45C7-9F41-52880A0E5758}.Debug|Any CPU.ActiveCfg = Debug|Any CPU
		{0CD8DD62-7FC1-45C7-9F41-52880A0E5758}.Debug|Any CPU.Build.0 = Debug|Any CPU
		{0CD8DD62-7FC1-45C7-9F41-52880A0E5758}.Release|Any CPU.ActiveCfg = Release|Any CPU
		{0CD8DD62-7FC1-45C7-9F41-52880A0E5758}.Release|Any CPU.Build.0 = Release|Any CPU
		{215482A1-2721-4AEE-BC60-4BB82DD38262}.Debug|Any CPU.ActiveCfg = Debug|Any CPU
		{215482A1-2721-4AEE-BC60-4BB82DD38262}.Debug|Any CPU.Build.0 = Debug|Any CPU
		{215482A1-2721-4AEE-BC60-4BB82DD38262}.Release|Any CPU.ActiveCfg = Release|Any CPU
		{215482A1-2721-4AEE-BC60-4BB82DD38262}.Release|Any CPU.Build.0 = Release|Any CPU
		{32E44F03-9696-43CB-BF73-DFA96B643A80}.Debug|Any CPU.ActiveCfg = Debug|Any CPU
		{32E44F03-9696-43CB-BF73-DFA96B643A80}.Debug|Any CPU.Build.0 = Debug|Any CPU
		{32E44F03-9696-43CB-BF73-DFA96B643A80}.Release|Any CPU.ActiveCfg = Release|Any CPU
		{32E44F03-9696-43CB-BF73-DFA96B643A80}.Release|Any CPU.Build.0 = Release|Any CPU
		{CDF708CD-09D1-43D7-B777-7E0302D6FE21}.Debug|Any CPU.ActiveCfg = Debug|Any CPU
		{CDF708CD-09D1-43D7-B777-7E0302D6FE21}.Debug|Any CPU.Build.0 = Debug|Any CPU
		{CDF708CD-09D1-43D7-B777-7E0302D6FE21}.Release|Any CPU.ActiveCfg = Release|Any CPU
		{CDF708CD-09D1-43D7-B777-7E0302D6FE21}.Release|Any CPU.Build.0 = Release|Any CPU
		{638A535C-B8DE-41D6-AD8A-08018D01BA60}.Debug|Any CPU.ActiveCfg = Debug|Any CPU
		{638A535C-B8DE-41D6-AD8A-08018D01BA60}.Debug|Any CPU.Build.0 = Debug|Any CPU
		{638A535C-B8DE-41D6-AD8A-08018D01BA60}.Release|Any CPU.ActiveCfg = Release|Any CPU
		{638A535C-B8DE-41D6-AD8A-08018D01BA60}.Release|Any CPU.Build.0 = Release|Any CPU
		{B7B31C89-2795-4668-9B7F-BA5C816124C3}.Debug|Any CPU.ActiveCfg = Debug|Any CPU
		{B7B31C89-2795-4668-9B7F-BA5C816124C3}.Debug|Any CPU.Build.0 = Debug|Any CPU
		{B7B31C89-2795-4668-9B7F-BA5C816124C3}.Release|Any CPU.ActiveCfg = Release|Any CPU
		{B7B31C89-2795-4668-9B7F-BA5C816124C3}.Release|Any CPU.Build.0 = Release|Any CPU
		{314A1B31-EE09-4F9C-83EA-636B91B43355}.Debug|Any CPU.ActiveCfg = Debug|Any CPU
		{314A1B31-EE09-4F9C-83EA-636B91B43355}.Debug|Any CPU.Build.0 = Debug|Any CPU
		{314A1B31-EE09-4F9C-83EA-636B91B43355}.Release|Any CPU.ActiveCfg = Release|Any CPU
		{314A1B31-EE09-4F9C-83EA-636B91B43355}.Release|Any CPU.Build.0 = Release|Any CPU
		{52CCC4CF-B606-451F-AB3B-3F42D22E02D3}.Debug|Any CPU.ActiveCfg = Debug|Any CPU
		{52CCC4CF-B606-451F-AB3B-3F42D22E02D3}.Debug|Any CPU.Build.0 = Debug|Any CPU
		{52CCC4CF-B606-451F-AB3B-3F42D22E02D3}.Release|Any CPU.ActiveCfg = Release|Any CPU
		{52CCC4CF-B606-451F-AB3B-3F42D22E02D3}.Release|Any CPU.Build.0 = Release|Any CPU
		{D118ACAF-23B4-4670-98EF-10F0842AA87B}.Debug|Any CPU.ActiveCfg = Debug|Any CPU
		{D118ACAF-23B4-4670-98EF-10F0842AA87B}.Debug|Any CPU.Build.0 = Debug|Any CPU
		{D118ACAF-23B4-4670-98EF-10F0842AA87B}.Release|Any CPU.ActiveCfg = Release|Any CPU
		{D118ACAF-23B4-4670-98EF-10F0842AA87B}.Release|Any CPU.Build.0 = Release|Any CPU
		{5B0A728C-EC56-4B20-AFD6-5C19C6B3AF97}.Debug|Any CPU.ActiveCfg = Debug|Any CPU
		{5B0A728C-EC56-4B20-AFD6-5C19C6B3AF97}.Debug|Any CPU.Build.0 = Debug|Any CPU
		{5B0A728C-EC56-4B20-AFD6-5C19C6B3AF97}.Release|Any CPU.ActiveCfg = Release|Any CPU
		{5B0A728C-EC56-4B20-AFD6-5C19C6B3AF97}.Release|Any CPU.Build.0 = Release|Any CPU
		{DBD34A0E-7C03-4BC3-BA33-BDCDD6CFB10F}.Debug|Any CPU.ActiveCfg = Debug|Any CPU
		{DBD34A0E-7C03-4BC3-BA33-BDCDD6CFB10F}.Debug|Any CPU.Build.0 = Debug|Any CPU
		{DBD34A0E-7C03-4BC3-BA33-BDCDD6CFB10F}.Release|Any CPU.ActiveCfg = Release|Any CPU
		{DBD34A0E-7C03-4BC3-BA33-BDCDD6CFB10F}.Release|Any CPU.Build.0 = Release|Any CPU
	EndGlobalSection
EndGlobal
