
Microsoft Visual Studio Solution File, Format Version 12.00
Project("{2150E333-8FDC-42A3-9474-1A3956D46DE8}") = "Application", "Application", "{D573B288-5B3C-43D7-8716-3254BBDAF7EE}"
EndProject
Project("{2150E333-8FDC-42A3-9474-1A3956D46DE8}") = "Domain", "Domain", "{E4B31F57-000D-455C-BB85-4F98CCCC6D70}"
EndProject
Project("{2150E333-8FDC-42A3-9474-1A3956D46DE8}") = "Presentation", "Presentation", "{519FEB0D-94CD-4D8D-BD3C-C2FF4A5EAEAA}"
EndProject
Project("{FAE04EC0-301F-11D3-BF4B-00C04F79EFBC}") = "HealthEssentials.Core", "XFramework.HealthEssentials\HealthEssentials.Core\HealthEssentials.Core.csproj", "{40EE5AE7-1F00-46E0-BBD1-052BDBD88A3E}"
EndProject
Project("{FAE04EC0-301F-11D3-BF4B-00C04F79EFBC}") = "HealthEssentials.Integration", "XFramework.HealthEssentials\HealthEssentials.Integration\HealthEssentials.Integration.csproj", "{2EFA6472-6CF3-4A15-8437-35CF137206AE}"
EndProject
Project("{FAE04EC0-301F-11D3-BF4B-00C04F79EFBC}") = "HealthEssentials.Domain", "XFramework.HealthEssentials\HealthEssentials.Domain\HealthEssentials.Domain.csproj", "{A44886A4-4D8F-4CC7-A374-841D9C9707C4}"
EndProject
Project("{FAE04EC0-301F-11D3-BF4B-00C04F79EFBC}") = "HealthEssentials.Domain.Generics", "XFramework.HealthEssentials\HealthEssentials.Domain.Generics\HealthEssentials.Domain.Generics.csproj", "{0CD8DD62-7FC1-45C7-9F41-52880A0E5758}"
EndProject
Project("{FAE04EC0-301F-11D3-BF4B-00C04F79EFBC}") = "HealthEssentials.Api", "XFramework.HealthEssentials\HealthEssentials.Api\HealthEssentials.Api.csproj", "{215482A1-2721-4AEE-BC60-4BB82DD38262}"
EndProject
Global
	GlobalSection(SolutionConfigurationPlatforms) = preSolution
		Debug|Any CPU = Debug|Any CPU
		Release|Any CPU = Release|Any CPU
	EndGlobalSection
	GlobalSection(NestedProjects) = preSolution
		{40EE5AE7-1F00-46E0-BBD1-052BDBD88A3E} = {D573B288-5B3C-43D7-8716-3254BBDAF7EE}
		{2EFA6472-6CF3-4A15-8437-35CF137206AE} = {D573B288-5B3C-43D7-8716-3254BBDAF7EE}
		{A44886A4-4D8F-4CC7-A374-841D9C9707C4} = {E4B31F57-000D-455C-BB85-4F98CCCC6D70}
		{0CD8DD62-7FC1-45C7-9F41-52880A0E5758} = {E4B31F57-000D-455C-BB85-4F98CCCC6D70}
		{215482A1-2721-4AEE-BC60-4BB82DD38262} = {519FEB0D-94CD-4D8D-BD3C-C2FF4A5EAEAA}
	EndGlobalSection
	GlobalSection(ProjectConfigurationPlatforms) = postSolution
		{40EE5AE7-1F00-46E0-BBD1-052BDBD88A3E}.Debug|Any CPU.ActiveCfg = Debug|Any CPU
		{40EE5AE7-1F00-46E0-BBD1-052BDBD88A3E}.Debug|Any CPU.Build.0 = Debug|Any CPU
		{40EE5AE7-1F00-46E0-BBD1-052BDBD88A3E}.Release|Any CPU.ActiveCfg = Release|Any CPU
		{40EE5AE7-1F00-46E0-BBD1-052BDBD88A3E}.Release|Any CPU.Build.0 = Release|Any CPU
		{2EFA6472-6CF3-4A15-8437-35CF137206AE}.Debug|Any CPU.ActiveCfg = Debug|Any CPU
		{2EFA6472-6CF3-4A15-8437-35CF137206AE}.Debug|Any CPU.Build.0 = Debug|Any CPU
		{2EFA6472-6CF3-4A15-8437-35CF137206AE}.Release|Any CPU.ActiveCfg = Release|Any CPU
		{2EFA6472-6CF3-4A15-8437-35CF137206AE}.Release|Any CPU.Build.0 = Release|Any CPU
		{A44886A4-4D8F-4CC7-A374-841D9C9707C4}.Debug|Any CPU.ActiveCfg = Debug|Any CPU
		{A44886A4-4D8F-4CC7-A374-841D9C9707C4}.Debug|Any CPU.Build.0 = Debug|Any CPU
		{A44886A4-4D8F-4CC7-A374-841D9C9707C4}.Release|Any CPU.ActiveCfg = Release|Any CPU
		{A44886A4-4D8F-4CC7-A374-841D9C9707C4}.Release|Any CPU.Build.0 = Release|Any CPU
		{0CD8DD62-7FC1-45C7-9F41-52880A0E5758}.Debug|Any CPU.ActiveCfg = Debug|Any CPU
		{0CD8DD62-7FC1-45C7-9F41-52880A0E5758}.Debug|Any CPU.Build.0 = Debug|Any CPU
		{0CD8DD62-7FC1-45C7-9F41-52880A0E5758}.Release|Any CPU.ActiveCfg = Release|Any CPU
		{0CD8DD62-7FC1-45C7-9F41-52880A0E5758}.Release|Any CPU.Build.0 = Release|Any CPU
		{215482A1-2721-4AEE-BC60-4BB82DD38262}.Debug|Any CPU.ActiveCfg = Debug|Any CPU
		{215482A1-2721-4AEE-BC60-4BB82DD38262}.Debug|Any CPU.Build.0 = Debug|Any CPU
		{215482A1-2721-4AEE-BC60-4BB82DD38262}.Release|Any CPU.ActiveCfg = Release|Any CPU
		{215482A1-2721-4AEE-BC60-4BB82DD38262}.Release|Any CPU.Build.0 = Release|Any CPU
	EndGlobalSection
EndGlobal
