
Microsoft Visual Studio Solution File, Format Version 12.00
Project("{2150E333-8FDC-42A3-9474-1A3956D46DE8}") = "Application", "Application", "{C40B8AD2-BC08-4AA9-850E-F32AFB2542EB}"
EndProject
Project("{2150E333-8FDC-42A3-9474-1A3956D46DE8}") = "Domain", "Domain", "{B8C0B4C5-A6D0-4763-87D2-B8601C434A81}"
EndProject
Project("{2150E333-8FDC-42A3-9474-1A3956D46DE8}") = "Presentation", "Presentation", "{39B46295-27E9-4529-ACA7-4EC985D02AD8}"
EndProject
Project("{FAE04EC0-301F-11D3-BF4B-00C04F79EFBC}") = "IdentityServer.Core", "XFramework.IdentityServer\IdentityServer.Core\IdentityServer.Core.csproj", "{5812C495-8B5B-40D3-9F96-BF886E1C6CCB}"
EndProject
Project("{FAE04EC0-301F-11D3-BF4B-00C04F79EFBC}") = "IdentityServer.Integrity", "XFramework.IdentityServer\IdentityServer.Integrity\IdentityServer.Integrity.csproj", "{CAA74519-C63A-4AEA-9582-1F6B4DCB0E77}"
EndProject
Project("{FAE04EC0-301F-11D3-BF4B-00C04F79EFBC}") = "IdentityServer.Domain", "XFramework.IdentityServer\IdentityServer.Domain\IdentityServer.Domain.csproj", "{0F534F8E-DF57-485C-A438-05A877F41A18}"
EndProject
Project("{FAE04EC0-301F-11D3-BF4B-00C04F79EFBC}") = "IdentityServer.Api", "XFramework.IdentityServer\IdentityServer.Api\IdentityServer.Api.csproj", "{6C891D8B-FAE2-4300-965E-1749E62ACACD}"
EndProject
Project("{FAE04EC0-301F-11D3-BF4B-00C04F79EFBC}") = "IdentityServer.Test", "XFramework.IdentityServer\IdentityServer.Test\IdentityServer.Test.csproj", "{E5C70635-256C-4FAC-ABA9-9A3107DB616E}"
EndProject
Project("{FAE04EC0-301F-11D3-BF4B-00C04F79EFBC}") = "IdentityServer.Domain.Generic", "XFramework.IdentityServer\IdentityServer.Domain.Generic\IdentityServer.Domain.Generic.csproj", "{78255E06-8F70-47D0-A8F0-61F406554DF1}"
EndProject
Project("{FAE04EC0-301F-11D3-BF4B-00C04F79EFBC}") = "IdentityServer.Integration", "XFramework.IdentityServer\IdentityServer.Integration\IdentityServer.Integration.csproj", "{0D520FC8-D3E8-40CD-8A96-468DC5DFF482}"
EndProject
Project("{2150E333-8FDC-42A3-9474-1A3956D46DE8}") = "Dependencies", "Dependencies", "{6D1BF780-9A51-48AB-BE43-A9D5FBCD6C36}"
EndProject
Project("{FAE04EC0-301F-11D3-BF4B-00C04F79EFBC}") = "Wallets.Domain.Generic", "XFramework.Wallets\Wallets.Domain.Generic\Wallets.Domain.Generic.csproj", "{0CCB6EC0-4016-4B74-95FA-B0953B13162C}"
EndProject
Global
	GlobalSection(SolutionConfigurationPlatforms) = preSolution
		Debug|Any CPU = Debug|Any CPU
		Release|Any CPU = Release|Any CPU
	EndGlobalSection
	GlobalSection(NestedProjects) = preSolution
		{5812C495-8B5B-40D3-9F96-BF886E1C6CCB} = {C40B8AD2-BC08-4AA9-850E-F32AFB2542EB}
		{CAA74519-C63A-4AEA-9582-1F6B4DCB0E77} = {C40B8AD2-BC08-4AA9-850E-F32AFB2542EB}
		{0F534F8E-DF57-485C-A438-05A877F41A18} = {B8C0B4C5-A6D0-4763-87D2-B8601C434A81}
		{6C891D8B-FAE2-4300-965E-1749E62ACACD} = {39B46295-27E9-4529-ACA7-4EC985D02AD8}
		{E5C70635-256C-4FAC-ABA9-9A3107DB616E} = {C40B8AD2-BC08-4AA9-850E-F32AFB2542EB}
		{78255E06-8F70-47D0-A8F0-61F406554DF1} = {B8C0B4C5-A6D0-4763-87D2-B8601C434A81}
		{0D520FC8-D3E8-40CD-8A96-468DC5DFF482} = {C40B8AD2-BC08-4AA9-850E-F32AFB2542EB}
		{0CCB6EC0-4016-4B74-95FA-B0953B13162C} = {6D1BF780-9A51-48AB-BE43-A9D5FBCD6C36}
	EndGlobalSection
	GlobalSection(ProjectConfigurationPlatforms) = postSolution
		{5812C495-8B5B-40D3-9F96-BF886E1C6CCB}.Debug|Any CPU.ActiveCfg = Debug|Any CPU
		{5812C495-8B5B-40D3-9F96-BF886E1C6CCB}.Debug|Any CPU.Build.0 = Debug|Any CPU
		{5812C495-8B5B-40D3-9F96-BF886E1C6CCB}.Release|Any CPU.ActiveCfg = Release|Any CPU
		{5812C495-8B5B-40D3-9F96-BF886E1C6CCB}.Release|Any CPU.Build.0 = Release|Any CPU
		{CAA74519-C63A-4AEA-9582-1F6B4DCB0E77}.Debug|Any CPU.ActiveCfg = Debug|Any CPU
		{CAA74519-C63A-4AEA-9582-1F6B4DCB0E77}.Debug|Any CPU.Build.0 = Debug|Any CPU
		{CAA74519-C63A-4AEA-9582-1F6B4DCB0E77}.Release|Any CPU.ActiveCfg = Release|Any CPU
		{CAA74519-C63A-4AEA-9582-1F6B4DCB0E77}.Release|Any CPU.Build.0 = Release|Any CPU
		{0F534F8E-DF57-485C-A438-05A877F41A18}.Debug|Any CPU.ActiveCfg = Debug|Any CPU
		{0F534F8E-DF57-485C-A438-05A877F41A18}.Debug|Any CPU.Build.0 = Debug|Any CPU
		{0F534F8E-DF57-485C-A438-05A877F41A18}.Release|Any CPU.ActiveCfg = Release|Any CPU
		{0F534F8E-DF57-485C-A438-05A877F41A18}.Release|Any CPU.Build.0 = Release|Any CPU
		{6C891D8B-FAE2-4300-965E-1749E62ACACD}.Debug|Any CPU.ActiveCfg = Debug|Any CPU
		{6C891D8B-FAE2-4300-965E-1749E62ACACD}.Debug|Any CPU.Build.0 = Debug|Any CPU
		{6C891D8B-FAE2-4300-965E-1749E62ACACD}.Release|Any CPU.ActiveCfg = Release|Any CPU
		{6C891D8B-FAE2-4300-965E-1749E62ACACD}.Release|Any CPU.Build.0 = Release|Any CPU
		{E5C70635-256C-4FAC-ABA9-9A3107DB616E}.Debug|Any CPU.ActiveCfg = Debug|Any CPU
		{E5C70635-256C-4FAC-ABA9-9A3107DB616E}.Debug|Any CPU.Build.0 = Debug|Any CPU
		{E5C70635-256C-4FAC-ABA9-9A3107DB616E}.Release|Any CPU.ActiveCfg = Release|Any CPU
		{E5C70635-256C-4FAC-ABA9-9A3107DB616E}.Release|Any CPU.Build.0 = Release|Any CPU
		{78255E06-8F70-47D0-A8F0-61F406554DF1}.Debug|Any CPU.ActiveCfg = Debug|Any CPU
		{78255E06-8F70-47D0-A8F0-61F406554DF1}.Debug|Any CPU.Build.0 = Debug|Any CPU
		{78255E06-8F70-47D0-A8F0-61F406554DF1}.Release|Any CPU.ActiveCfg = Release|Any CPU
		{78255E06-8F70-47D0-A8F0-61F406554DF1}.Release|Any CPU.Build.0 = Release|Any CPU
		{0D520FC8-D3E8-40CD-8A96-468DC5DFF482}.Debug|Any CPU.ActiveCfg = Debug|Any CPU
		{0D520FC8-D3E8-40CD-8A96-468DC5DFF482}.Debug|Any CPU.Build.0 = Debug|Any CPU
		{0D520FC8-D3E8-40CD-8A96-468DC5DFF482}.Release|Any CPU.ActiveCfg = Release|Any CPU
		{0D520FC8-D3E8-40CD-8A96-468DC5DFF482}.Release|Any CPU.Build.0 = Release|Any CPU
		{0CCB6EC0-4016-4B74-95FA-B0953B13162C}.Debug|Any CPU.ActiveCfg = Debug|Any CPU
		{0CCB6EC0-4016-4B74-95FA-B0953B13162C}.Debug|Any CPU.Build.0 = Debug|Any CPU
		{0CCB6EC0-4016-4B74-95FA-B0953B13162C}.Release|Any CPU.ActiveCfg = Release|Any CPU
		{0CCB6EC0-4016-4B74-95FA-B0953B13162C}.Release|Any CPU.Build.0 = Release|Any CPU
	EndGlobalSection
EndGlobal
